PODS:
  - Alamofire (4.7.3)
  - BMPlayer (1.0.1):
    - BMPlayer/Full (= 1.0.1)
  - BMPlayer/Core (1.0.1)
  - BMPlayer/Full (1.0.1):
    - BMPlayer/Core
    - NVActivityIndicatorView (~> 4.0.0)
    - SnapKit (~> 4.0.0)
  - Kingfisher (4.8.1)
  - LLCycleScrollView (1.5.0):
    - Kingfisher
  - NVActivityIndicatorView (4.0.1):
    - NVActivityIndicatorView/Presenter (= 4.0.1)
  - NVActivityIndicatorView/Presenter (4.0.1)
  - SkeletonView (1.4)
  - SnapKit (4.0.0)
  - SwiftyJSON (4.1.0)
  - VACalendar (1.2)

DEPENDENCIES:
  - Alamofire (~> 4.7)
  - BMPlayer
  - LLCycleScrollView
  - SkeletonView
  - SnapKit
  - SwiftyJSON (~> 4.0)
  - VACalendar

SPEC REPOS:
  https://github.com/cocoapods/specs.git:
    - Alamofire
    - BMPlayer
    - Kingfisher
    - LLCycleScrollView
    - NVActivityIndicatorView
    - SkeletonView
    - SnapKit
    - SwiftyJSON
    - VACalendar

SPEC CHECKSUMS:
  Alamofire: c7287b6e5d7da964a70935e5db17046b7fde6568
  BMPlayer: 44eebf06eb01450dd14ea74b27d07c5222f0eed1
  Kingfisher: 868c1149679a7ab6869be118faa9b5aed154aaf0
  LLCycleScrollView: e4ec004ac76a0e60e9bbfa3381d9145910d0434f
  NVActivityIndicatorView: 77ed6d7b571643e24899e7858bf9ae2ee4c21f31
  SkeletonView: 50f7a9b04e3a62bd0ae964859c19317fabaea367
  SnapKit: a42d492c16e80209130a3379f73596c3454b7694
  SwiftyJSON: c29297daf073d2aa016295d5809cdd68045c39b3
  VACalendar: f189d1b713b8a38d85fe679afef5dc21105c6259

PODFILE CHECKSUM: a27b1623f79952dd3b7530aebe1ee1b3453a759c

COCOAPODS: 1.5.3
