// !$*UTF8*$!
{
	archiveVersion = 1;
	classes = {
	};
	objectVersion = 50;
	objects = {

/* Begin PBXBuildFile section */
		1A7621A9D5B4543A9EBE8930 /* Pods_Student_Club.framework in Frameworks */ = {isa = PBXBuildFile; fileRef = DA49EAD8E4B18F75CCC6076B /* Pods_Student_Club.framework */; };
		1E62BC9E2156841F00263B8D /* UniversityListViewController.swift in Sources */ = {isa = PBXBuildFile; fileRef = 1E62BC9D2156841F00263B8D /* UniversityListViewController.swift */; };
		1E62BCA02156938500263B8D /* UniversityDetailViewController.swift in Sources */ = {isa = PBXBuildFile; fileRef = 1E62BC9F2156938500263B8D /* UniversityDetailViewController.swift */; };
		1EA4B764215828B800DD5941 /* ShareViewController.swift in Sources */ = {isa = PBXBuildFile; fileRef = 1EA4B763215828B800DD5941 /* ShareViewController.swift */; };
		1EA4B767215828B800DD5941 /* MainInterface.storyboard in Resources */ = {isa = PBXBuildFile; fileRef = 1EA4B765215828B800DD5941 /* MainInterface.storyboard */; };
		1EA4B76B215828B800DD5941 /* Club Share.appex in Embed App Extensions */ = {isa = PBXBuildFile; fileRef = 1EA4B761215828B800DD5941 /* Club Share.appex */; settings = {ATTRIBUTES = (RemoveHeadersOnCopy, ); }; };
		2F0E668C21D54E20005E21F8 /* Event.swift in Sources */ = {isa = PBXBuildFile; fileRef = 2F0E668B21D54E20005E21F8 /* Event.swift */; };
		2F124CC121CAE61B00314461 /* NewEventViewController.swift in Sources */ = {isa = PBXBuildFile; fileRef = 2F124CC021CAE61B00314461 /* NewEventViewController.swift */; };
		2F3B947A21ECD9D50076C1D6 /* SignupViewController.swift in Sources */ = {isa = PBXBuildFile; fileRef = 2F3B947921ECD9D50076C1D6 /* SignupViewController.swift */; };
		2F3B947F21ECDA580076C1D6 /* NewsViewController.swift in Sources */ = {isa = PBXBuildFile; fileRef = 2F3B947B21ECDA580076C1D6 /* NewsViewController.swift */; };
		2F3B948021ECDA580076C1D6 /* NewsDetailViewController.swift in Sources */ = {isa = PBXBuildFile; fileRef = 2F3B947C21ECDA580076C1D6 /* NewsDetailViewController.swift */; };
		2F3B948121ECDA580076C1D6 /* EmbedPostInfoTableViewController.swift in Sources */ = {isa = PBXBuildFile; fileRef = 2F3B947D21ECDA580076C1D6 /* EmbedPostInfoTableViewController.swift */; };
		2F3B948221ECDA580076C1D6 /* PostViewController.swift in Sources */ = {isa = PBXBuildFile; fileRef = 2F3B947E21ECDA580076C1D6 /* PostViewController.swift */; };
		2F3E453F2157FD5A00710141 /* SelectedCell.swift in Sources */ = {isa = PBXBuildFile; fileRef = 2F3E453E2157FD5A00710141 /* SelectedCell.swift */; };
		2F45EB2A215835DD00C5B9D3 /* config.swift in Sources */ = {isa = PBXBuildFile; fileRef = 2F45EB29215835DC00C5B9D3 /* config.swift */; };
		2F45EB2B2158373C00C5B9D3 /* config.swift in Sources */ = {isa = PBXBuildFile; fileRef = 2F45EB29215835DC00C5B9D3 /* config.swift */; };
		2F45EB2D21583E6F00C5B9D3 /* BlogCell.swift in Sources */ = {isa = PBXBuildFile; fileRef = 2F45EB2C21583E6F00C5B9D3 /* BlogCell.swift */; };
		2F45EB2F215840AD00C5B9D3 /* University.swift in Sources */ = {isa = PBXBuildFile; fileRef = 2F45EB2E215840AD00C5B9D3 /* University.swift */; };
		2F64AEC521F58E5500762F84 /* LocationViewController.swift in Sources */ = {isa = PBXBuildFile; fileRef = 2F64AEC421F58E5500762F84 /* LocationViewController.swift */; };
		2F67E3402157326A0076B1DA /* LoginViewController.swift in Sources */ = {isa = PBXBuildFile; fileRef = 2F67E33F2157326A0076B1DA /* LoginViewController.swift */; };
		2F6918D321CFDC6D00D361C6 /* EventTableViewController.swift in Sources */ = {isa = PBXBuildFile; fileRef = 2F6918D221CFDC6D00D361C6 /* EventTableViewController.swift */; };
		2F74A520215538EC00341862 /* AppDelegate.swift in Sources */ = {isa = PBXBuildFile; fileRef = 2F74A51F215538EC00341862 /* AppDelegate.swift */; };
		2F74A525215538EC00341862 /* Main.storyboard in Resources */ = {isa = PBXBuildFile; fileRef = 2F74A523215538EC00341862 /* Main.storyboard */; };
		2F74A527215538EE00341862 /* Assets.xcassets in Resources */ = {isa = PBXBuildFile; fileRef = 2F74A526215538EE00341862 /* Assets.xcassets */; };
		2F74A52A215538EE00341862 /* LaunchScreen.storyboard in Resources */ = {isa = PBXBuildFile; fileRef = 2F74A528215538EE00341862 /* LaunchScreen.storyboard */; };
		2F8A4EA421F1CC4C00DF3FBE /* Array+Extensions.swift in Sources */ = {isa = PBXBuildFile; fileRef = 2F8A4E5521F1CC4C00DF3FBE /* Array+Extensions.swift */; };
		2F8A4EA521F1CC4C00DF3FBE /* UISegmentedControl+Extensions.swift in Sources */ = {isa = PBXBuildFile; fileRef = 2F8A4E5621F1CC4C00DF3FBE /* UISegmentedControl+Extensions.swift */; };
		2F8A4EA621F1CC4C00DF3FBE /* UIImageView+Extensions.swift in Sources */ = {isa = PBXBuildFile; fileRef = 2F8A4E5721F1CC4C00DF3FBE /* UIImageView+Extensions.swift */; };
		2F8A4EA721F1CC4C00DF3FBE /* UIViewController+Extensions.swift in Sources */ = {isa = PBXBuildFile; fileRef = 2F8A4E5821F1CC4C00DF3FBE /* UIViewController+Extensions.swift */; };
		2F8A4EA821F1CC4C00DF3FBE /* UIView+Extensions.swift in Sources */ = {isa = PBXBuildFile; fileRef = 2F8A4E5921F1CC4C00DF3FBE /* UIView+Extensions.swift */; };
		2F8A4EA921F1CC4C00DF3FBE /* Date+Extension.swift in Sources */ = {isa = PBXBuildFile; fileRef = 2F8A4E5A21F1CC4C00DF3FBE /* Date+Extension.swift */; };
		2F8A4EAA21F1CC4C00DF3FBE /* String+Extensions.swift in Sources */ = {isa = PBXBuildFile; fileRef = 2F8A4E5B21F1CC4C00DF3FBE /* String+Extensions.swift */; };
		2F8A4EAB21F1CC4C00DF3FBE /* UITextView+Extensions.swift in Sources */ = {isa = PBXBuildFile; fileRef = 2F8A4E5C21F1CC4C00DF3FBE /* UITextView+Extensions.swift */; };
		2F8A4EAC21F1CC4C00DF3FBE /* UIColor+Extensions.swift in Sources */ = {isa = PBXBuildFile; fileRef = 2F8A4E5D21F1CC4C00DF3FBE /* UIColor+Extensions.swift */; };
		2F8A4EAD21F1CC4C00DF3FBE /* UIImage+Extensions.swift in Sources */ = {isa = PBXBuildFile; fileRef = 2F8A4E5E21F1CC4C00DF3FBE /* UIImage+Extensions.swift */; };
		2F8A4EAE21F1CC4C00DF3FBE /* UISearchBar+Extensions.swift in Sources */ = {isa = PBXBuildFile; fileRef = 2F8A4E5F21F1CC4C00DF3FBE /* UISearchBar+Extensions.swift */; };
		2F8A4EAF21F1CC4C00DF3FBE /* UIApplication+Extensions.swift in Sources */ = {isa = PBXBuildFile; fileRef = 2F8A4E6021F1CC4C00DF3FBE /* UIApplication+Extensions.swift */; };
		2F8A4EB021F1CC4C00DF3FBE /* UIAlertController+Extensions.swift in Sources */ = {isa = PBXBuildFile; fileRef = 2F8A4E6121F1CC4C00DF3FBE /* UIAlertController+Extensions.swift */; };
		2F8A4EB121F1CC4C00DF3FBE /* Optional+Extensions.swift in Sources */ = {isa = PBXBuildFile; fileRef = 2F8A4E6221F1CC4C00DF3FBE /* Optional+Extensions.swift */; };
		2F8A4EB221F1CC4C00DF3FBE /* Common+Extensions.swift in Sources */ = {isa = PBXBuildFile; fileRef = 2F8A4E6321F1CC4C00DF3FBE /* Common+Extensions.swift */; };
		2F8A4EB321F1CC4C00DF3FBE /* Locale+Extensions.swift in Sources */ = {isa = PBXBuildFile; fileRef = 2F8A4E6421F1CC4C00DF3FBE /* Locale+Extensions.swift */; };
		2F8A4EB421F1CC4C00DF3FBE /* UITextField+Extensions.swift in Sources */ = {isa = PBXBuildFile; fileRef = 2F8A4E6521F1CC4C00DF3FBE /* UITextField+Extensions.swift */; };
		2F8A4EB521F1CC4C00DF3FBE /* AttributedTextBlock.swift in Sources */ = {isa = PBXBuildFile; fileRef = 2F8A4E6821F1CC4C00DF3FBE /* AttributedTextBlock.swift */; };
		2F8A4EB621F1CC4C00DF3FBE /* TextViewController.swift in Sources */ = {isa = PBXBuildFile; fileRef = 2F8A4E6921F1CC4C00DF3FBE /* TextViewController.swift */; };
		2F8A4EB721F1CC4C00DF3FBE /* Countries.bundle in Resources */ = {isa = PBXBuildFile; fileRef = 2F8A4E6C21F1CC4C00DF3FBE /* Countries.bundle */; };
		2F8A4EB821F1CC4C00DF3FBE /* LocaleStore.swift in Sources */ = {isa = PBXBuildFile; fileRef = 2F8A4E6E21F1CC4C00DF3FBE /* LocaleStore.swift */; };
		2F8A4EB921F1CC4C00DF3FBE /* LocaleInfo.swift in Sources */ = {isa = PBXBuildFile; fileRef = 2F8A4E7021F1CC4C00DF3FBE /* LocaleInfo.swift */; };
		2F8A4EBA21F1CC4C00DF3FBE /* LocalePickerViewController.swift in Sources */ = {isa = PBXBuildFile; fileRef = 2F8A4E7121F1CC4C00DF3FBE /* LocalePickerViewController.swift */; };
		2F8A4EBB21F1CC4C00DF3FBE /* PhoneCodeCell.swift in Sources */ = {isa = PBXBuildFile; fileRef = 2F8A4E7321F1CC4C00DF3FBE /* PhoneCodeCell.swift */; };
		2F8A4EBC21F1CC4C00DF3FBE /* CurrencyCell.swift in Sources */ = {isa = PBXBuildFile; fileRef = 2F8A4E7421F1CC4C00DF3FBE /* CurrencyCell.swift */; };
		2F8A4EBD21F1CC4C00DF3FBE /* CountryCell.swift in Sources */ = {isa = PBXBuildFile; fileRef = 2F8A4E7521F1CC4C00DF3FBE /* CountryCell.swift */; };
		2F8A4EBE21F1CC4C00DF3FBE /* TwoTextFieldsViewController.swift in Sources */ = {isa = PBXBuildFile; fileRef = 2F8A4E7721F1CC4C00DF3FBE /* TwoTextFieldsViewController.swift */; };
		2F8A4EBF21F1CC4C00DF3FBE /* OneTextFieldViewController.swift in Sources */ = {isa = PBXBuildFile; fileRef = 2F8A4E7821F1CC4C00DF3FBE /* OneTextFieldViewController.swift */; };
		2F8A4EC021F1CC4C00DF3FBE /* Assets.swift in Sources */ = {isa = PBXBuildFile; fileRef = 2F8A4E7B21F1CC4C00DF3FBE /* Assets.swift */; };
		2F8A4EC121F1CC4C00DF3FBE /* PhotoLibraryPickerViewController.swift in Sources */ = {isa = PBXBuildFile; fileRef = 2F8A4E7C21F1CC4C00DF3FBE /* PhotoLibraryPickerViewController.swift */; };
		2F8A4EC221F1CC4C00DF3FBE /* LocationSearchResultsViewController.swift in Sources */ = {isa = PBXBuildFile; fileRef = 2F8A4E7E21F1CC4C00DF3FBE /* LocationSearchResultsViewController.swift */; };
		2F8A4EC321F1CC4C00DF3FBE /* LocationPickerViewController.swift in Sources */ = {isa = PBXBuildFile; fileRef = 2F8A4E7F21F1CC4C00DF3FBE /* LocationPickerViewController.swift */; };
		2F8A4EC421F1CC4C00DF3FBE /* SearchHistoryManager.swift in Sources */ = {isa = PBXBuildFile; fileRef = 2F8A4E8121F1CC4C00DF3FBE /* SearchHistoryManager.swift */; };
		2F8A4EC521F1CC4C00DF3FBE /* Location.swift in Sources */ = {isa = PBXBuildFile; fileRef = 2F8A4E8321F1CC4C00DF3FBE /* Location.swift */; };
		2F8A4EC621F1CC4C00DF3FBE /* Address.swift in Sources */ = {isa = PBXBuildFile; fileRef = 2F8A4E8421F1CC4C00DF3FBE /* Address.swift */; };
		2F8A4EC721F1CC4C00DF3FBE /* PickerViewViewController.swift in Sources */ = {isa = PBXBuildFile; fileRef = 2F8A4E8621F1CC4C00DF3FBE /* PickerViewViewController.swift */; };
		2F8A4EC821F1CC4C00DF3FBE /* ContactsPickerViewController.swift in Sources */ = {isa = PBXBuildFile; fileRef = 2F8A4E8821F1CC4C00DF3FBE /* ContactsPickerViewController.swift */; };
		2F8A4EC921F1CC4C00DF3FBE /* Contacts.swift in Sources */ = {isa = PBXBuildFile; fileRef = 2F8A4E8A21F1CC4C00DF3FBE /* Contacts.swift */; };
		2F8A4ECA21F1CC4C00DF3FBE /* Contact.swift in Sources */ = {isa = PBXBuildFile; fileRef = 2F8A4E8C21F1CC4C00DF3FBE /* Contact.swift */; };
		2F8A4ECB21F1CC4C00DF3FBE /* ContactCell.swift in Sources */ = {isa = PBXBuildFile; fileRef = 2F8A4E8E21F1CC4C00DF3FBE /* ContactCell.swift */; };
		2F8A4ECC21F1CC4C00DF3FBE /* ColorPickerViewController.swift in Sources */ = {isa = PBXBuildFile; fileRef = 2F8A4E9021F1CC4C00DF3FBE /* ColorPickerViewController.swift */; };
		2F8A4ECD21F1CC4C00DF3FBE /* DatePickerViewController.swift in Sources */ = {isa = PBXBuildFile; fileRef = 2F8A4E9221F1CC4C00DF3FBE /* DatePickerViewController.swift */; };
		2F8A4ECE21F1CC4C00DF3FBE /* ImagePickerViewController.swift in Sources */ = {isa = PBXBuildFile; fileRef = 2F8A4E9421F1CC4C00DF3FBE /* ImagePickerViewController.swift */; };
		2F8A4ECF21F1CC4C00DF3FBE /* ItemWithImage.swift in Sources */ = {isa = PBXBuildFile; fileRef = 2F8A4E9621F1CC4C00DF3FBE /* ItemWithImage.swift */; };
		2F8A4ED021F1CC4C00DF3FBE /* PhotoLayout.swift in Sources */ = {isa = PBXBuildFile; fileRef = 2F8A4E9921F1CC4C00DF3FBE /* PhotoLayout.swift */; };
		2F8A4ED121F1CC4C00DF3FBE /* TelegramPickerViewController.swift in Sources */ = {isa = PBXBuildFile; fileRef = 2F8A4E9A21F1CC4C00DF3FBE /* TelegramPickerViewController.swift */; };
		2F8A4ED221F1CC4C00DF3FBE /* ItemWithPhoto.swift in Sources */ = {isa = PBXBuildFile; fileRef = 2F8A4E9C21F1CC4C00DF3FBE /* ItemWithPhoto.swift */; };
		2F8A4ED321F1CC4C00DF3FBE /* LikeButtonCell.swift in Sources */ = {isa = PBXBuildFile; fileRef = 2F8A4E9D21F1CC4C00DF3FBE /* LikeButtonCell.swift */; };
		2F8A4ED421F1CC4C00DF3FBE /* Label.swift in Sources */ = {isa = PBXBuildFile; fileRef = 2F8A4E9F21F1CC4C00DF3FBE /* Label.swift */; };
		2F8A4ED521F1CC4C00DF3FBE /* SegmentedControl.swift in Sources */ = {isa = PBXBuildFile; fileRef = 2F8A4EA021F1CC4C00DF3FBE /* SegmentedControl.swift */; };
		2F8A4ED621F1CC4C00DF3FBE /* GradientSlider.swift in Sources */ = {isa = PBXBuildFile; fileRef = 2F8A4EA121F1CC4C00DF3FBE /* GradientSlider.swift */; };
		2F8A4ED721F1CC4C00DF3FBE /* TextField.swift in Sources */ = {isa = PBXBuildFile; fileRef = 2F8A4EA221F1CC4C00DF3FBE /* TextField.swift */; };
		2F8A4ED821F1CC4C00DF3FBE /* Button.swift in Sources */ = {isa = PBXBuildFile; fileRef = 2F8A4EA321F1CC4C00DF3FBE /* Button.swift */; };
		2FB21B4A215790C700D2814F /* ActivityCell.swift in Sources */ = {isa = PBXBuildFile; fileRef = 2FB21B49215790C700D2814F /* ActivityCell.swift */; };
		2FB7F44521F71AE5000AF25A /* VKCheckbox.swift in Sources */ = {isa = PBXBuildFile; fileRef = 2FB7F44421F71AE5000AF25A /* VKCheckbox.swift */; };
		2FC6552F21E8F6BD003F3E43 /* EventDetailViewController.swift in Sources */ = {isa = PBXBuildFile; fileRef = 2FC6552E21E8F6BD003F3E43 /* EventDetailViewController.swift */; };
		2FCA35F72155402100816691 /* ActivityViewController.swift in Sources */ = {isa = PBXBuildFile; fileRef = 2FCA35F22155402100816691 /* ActivityViewController.swift */; };
		2FCA35F82155402100816691 /* BlogViewController.swift in Sources */ = {isa = PBXBuildFile; fileRef = 2FCA35F32155402100816691 /* BlogViewController.swift */; };
		2FCA35FB2155402100816691 /* MeViewController.swift in Sources */ = {isa = PBXBuildFile; fileRef = 2FCA35F62155402100816691 /* MeViewController.swift */; };
		2FCA36102155633900816691 /* NewsCell.swift in Sources */ = {isa = PBXBuildFile; fileRef = 2FCA360F2155633900816691 /* NewsCell.swift */; };
		2FCA3614215572E300816691 /* News.swift in Sources */ = {isa = PBXBuildFile; fileRef = 2FCA3613215572E300816691 /* News.swift */; };
		2FCA3617215572EC00816691 /* Blog.swift in Sources */ = {isa = PBXBuildFile; fileRef = 2FCA3615215572EB00816691 /* Blog.swift */; };
		2FCA3618215572EC00816691 /* User.swift in Sources */ = {isa = PBXBuildFile; fileRef = 2FCA3616215572EB00816691 /* User.swift */; };
		32E69BC4764C75F88EFEC33D /* Pods_Club_Share.framework in Frameworks */ = {isa = PBXBuildFile; fileRef = FA8461758B497893D9D9DE37 /* Pods_Club_Share.framework */; };
/* End PBXBuildFile section */

/* Begin PBXContainerItemProxy section */
		1EA4B769215828B800DD5941 /* PBXContainerItemProxy */ = {
			isa = PBXContainerItemProxy;
			containerPortal = 2F74A514215538EC00341862 /* Project object */;
			proxyType = 1;
			remoteGlobalIDString = 1EA4B760215828B800DD5941;
			remoteInfo = "Club Share";
		};
/* End PBXContainerItemProxy section */

/* Begin PBXCopyFilesBuildPhase section */
		1EA4B75C2158264400DD5941 /* Embed App Extensions */ = {
			isa = PBXCopyFilesBuildPhase;
			buildActionMask = 2147483647;
			dstPath = "";
			dstSubfolderSpec = 13;
			files = (
				1EA4B76B215828B800DD5941 /* Club Share.appex in Embed App Extensions */,
			);
			name = "Embed App Extensions";
			runOnlyForDeploymentPostprocessing = 0;
		};
/* End PBXCopyFilesBuildPhase section */

/* Begin PBXFileReference section */
		02E6B28EE76ADD6AC332919A /* Pods-Student Club.debug.xcconfig */ = {isa = PBXFileReference; includeInIndex = 1; lastKnownFileType = text.xcconfig; name = "Pods-Student Club.debug.xcconfig"; path = "Pods/Target Support Files/Pods-Student Club/Pods-Student Club.debug.xcconfig"; sourceTree = "<group>"; };
		1E62BC9D2156841F00263B8D /* UniversityListViewController.swift */ = {isa = PBXFileReference; fileEncoding = 4; lastKnownFileType = sourcecode.swift; path = UniversityListViewController.swift; sourceTree = "<group>"; };
		1E62BC9F2156938500263B8D /* UniversityDetailViewController.swift */ = {isa = PBXFileReference; lastKnownFileType = sourcecode.swift; path = UniversityDetailViewController.swift; sourceTree = "<group>"; };
		1EA4B761215828B800DD5941 /* Club Share.appex */ = {isa = PBXFileReference; explicitFileType = "wrapper.app-extension"; includeInIndex = 0; path = "Club Share.appex"; sourceTree = BUILT_PRODUCTS_DIR; };
		1EA4B763215828B800DD5941 /* ShareViewController.swift */ = {isa = PBXFileReference; lastKnownFileType = sourcecode.swift; path = ShareViewController.swift; sourceTree = "<group>"; };
		1EA4B766215828B800DD5941 /* Base */ = {isa = PBXFileReference; lastKnownFileType = file.storyboard; name = Base; path = Base.lproj/MainInterface.storyboard; sourceTree = "<group>"; };
		1EA4B768215828B800DD5941 /* Info.plist */ = {isa = PBXFileReference; lastKnownFileType = text.plist.xml; path = Info.plist; sourceTree = "<group>"; };
		2F0E668B21D54E20005E21F8 /* Event.swift */ = {isa = PBXFileReference; lastKnownFileType = sourcecode.swift; path = Event.swift; sourceTree = "<group>"; };
		2F124CC021CAE61B00314461 /* NewEventViewController.swift */ = {isa = PBXFileReference; lastKnownFileType = sourcecode.swift; path = NewEventViewController.swift; sourceTree = "<group>"; };
		2F3B947921ECD9D50076C1D6 /* SignupViewController.swift */ = {isa = PBXFileReference; lastKnownFileType = sourcecode.swift; path = SignupViewController.swift; sourceTree = "<group>"; };
		2F3B947B21ECDA580076C1D6 /* NewsViewController.swift */ = {isa = PBXFileReference; fileEncoding = 4; lastKnownFileType = sourcecode.swift; name = NewsViewController.swift; path = News/NewsViewController.swift; sourceTree = "<group>"; };
		2F3B947C21ECDA580076C1D6 /* NewsDetailViewController.swift */ = {isa = PBXFileReference; fileEncoding = 4; lastKnownFileType = sourcecode.swift; name = NewsDetailViewController.swift; path = News/NewsDetailViewController.swift; sourceTree = "<group>"; };
		2F3B947D21ECDA580076C1D6 /* EmbedPostInfoTableViewController.swift */ = {isa = PBXFileReference; fileEncoding = 4; lastKnownFileType = sourcecode.swift; name = EmbedPostInfoTableViewController.swift; path = News/EmbedPostInfoTableViewController.swift; sourceTree = "<group>"; };
		2F3B947E21ECDA580076C1D6 /* PostViewController.swift */ = {isa = PBXFileReference; fileEncoding = 4; lastKnownFileType = sourcecode.swift; name = PostViewController.swift; path = News/PostViewController.swift; sourceTree = "<group>"; };
		2F3E453E2157FD5A00710141 /* SelectedCell.swift */ = {isa = PBXFileReference; lastKnownFileType = sourcecode.swift; path = SelectedCell.swift; sourceTree = "<group>"; };
		2F45EB252158322200C5B9D3 /* iOS Club.entitlements */ = {isa = PBXFileReference; lastKnownFileType = text.plist.entitlements; path = "iOS Club.entitlements"; sourceTree = "<group>"; };
		2F45EB262158336A00C5B9D3 /* Club Share.entitlements */ = {isa = PBXFileReference; lastKnownFileType = text.plist.entitlements; path = "Club Share.entitlements"; sourceTree = "<group>"; };
		2F45EB29215835DC00C5B9D3 /* config.swift */ = {isa = PBXFileReference; fileEncoding = 4; lastKnownFileType = sourcecode.swift; path = config.swift; sourceTree = "<group>"; };
		2F45EB2C21583E6F00C5B9D3 /* BlogCell.swift */ = {isa = PBXFileReference; lastKnownFileType = sourcecode.swift; path = BlogCell.swift; sourceTree = "<group>"; };
		2F45EB2E215840AD00C5B9D3 /* University.swift */ = {isa = PBXFileReference; lastKnownFileType = sourcecode.swift; path = University.swift; sourceTree = "<group>"; };
		2F64AEC421F58E5500762F84 /* LocationViewController.swift */ = {isa = PBXFileReference; lastKnownFileType = sourcecode.swift; path = LocationViewController.swift; sourceTree = "<group>"; };
		2F67E33F2157326A0076B1DA /* LoginViewController.swift */ = {isa = PBXFileReference; fileEncoding = 4; lastKnownFileType = sourcecode.swift; path = LoginViewController.swift; sourceTree = "<group>"; };
		2F6918D221CFDC6D00D361C6 /* EventTableViewController.swift */ = {isa = PBXFileReference; lastKnownFileType = sourcecode.swift; path = EventTableViewController.swift; sourceTree = "<group>"; };
		2F74A51C215538EC00341862 /* Student Club.app */ = {isa = PBXFileReference; explicitFileType = wrapper.application; includeInIndex = 0; path = "Student Club.app"; sourceTree = BUILT_PRODUCTS_DIR; };
		2F74A51F215538EC00341862 /* AppDelegate.swift */ = {isa = PBXFileReference; lastKnownFileType = sourcecode.swift; path = AppDelegate.swift; sourceTree = "<group>"; };
		2F74A524215538EC00341862 /* Base */ = {isa = PBXFileReference; lastKnownFileType = file.storyboard; name = Base; path = Base.lproj/Main.storyboard; sourceTree = "<group>"; };
		2F74A526215538EE00341862 /* Assets.xcassets */ = {isa = PBXFileReference; lastKnownFileType = folder.assetcatalog; path = Assets.xcassets; sourceTree = "<group>"; };
		2F74A529215538EE00341862 /* Base */ = {isa = PBXFileReference; lastKnownFileType = file.storyboard; name = Base; path = Base.lproj/LaunchScreen.storyboard; sourceTree = "<group>"; };
		2F74A52B215538EE00341862 /* Info.plist */ = {isa = PBXFileReference; lastKnownFileType = text.plist.xml; path = Info.plist; sourceTree = "<group>"; };
		2F8A4E5521F1CC4C00DF3FBE /* Array+Extensions.swift */ = {isa = PBXFileReference; fileEncoding = 4; lastKnownFileType = sourcecode.swift; path = "Array+Extensions.swift"; sourceTree = "<group>"; };
		2F8A4E5621F1CC4C00DF3FBE /* UISegmentedControl+Extensions.swift */ = {isa = PBXFileReference; fileEncoding = 4; lastKnownFileType = sourcecode.swift; path = "UISegmentedControl+Extensions.swift"; sourceTree = "<group>"; };
		2F8A4E5721F1CC4C00DF3FBE /* UIImageView+Extensions.swift */ = {isa = PBXFileReference; fileEncoding = 4; lastKnownFileType = sourcecode.swift; path = "UIImageView+Extensions.swift"; sourceTree = "<group>"; };
		2F8A4E5821F1CC4C00DF3FBE /* UIViewController+Extensions.swift */ = {isa = PBXFileReference; fileEncoding = 4; lastKnownFileType = sourcecode.swift; path = "UIViewController+Extensions.swift"; sourceTree = "<group>"; };
		2F8A4E5921F1CC4C00DF3FBE /* UIView+Extensions.swift */ = {isa = PBXFileReference; fileEncoding = 4; lastKnownFileType = sourcecode.swift; path = "UIView+Extensions.swift"; sourceTree = "<group>"; };
		2F8A4E5A21F1CC4C00DF3FBE /* Date+Extension.swift */ = {isa = PBXFileReference; fileEncoding = 4; lastKnownFileType = sourcecode.swift; path = "Date+Extension.swift"; sourceTree = "<group>"; };
		2F8A4E5B21F1CC4C00DF3FBE /* String+Extensions.swift */ = {isa = PBXFileReference; fileEncoding = 4; lastKnownFileType = sourcecode.swift; path = "String+Extensions.swift"; sourceTree = "<group>"; };
		2F8A4E5C21F1CC4C00DF3FBE /* UITextView+Extensions.swift */ = {isa = PBXFileReference; fileEncoding = 4; lastKnownFileType = sourcecode.swift; path = "UITextView+Extensions.swift"; sourceTree = "<group>"; };
		2F8A4E5D21F1CC4C00DF3FBE /* UIColor+Extensions.swift */ = {isa = PBXFileReference; fileEncoding = 4; lastKnownFileType = sourcecode.swift; path = "UIColor+Extensions.swift"; sourceTree = "<group>"; };
		2F8A4E5E21F1CC4C00DF3FBE /* UIImage+Extensions.swift */ = {isa = PBXFileReference; fileEncoding = 4; lastKnownFileType = sourcecode.swift; path = "UIImage+Extensions.swift"; sourceTree = "<group>"; };
		2F8A4E5F21F1CC4C00DF3FBE /* UISearchBar+Extensions.swift */ = {isa = PBXFileReference; fileEncoding = 4; lastKnownFileType = sourcecode.swift; path = "UISearchBar+Extensions.swift"; sourceTree = "<group>"; };
		2F8A4E6021F1CC4C00DF3FBE /* UIApplication+Extensions.swift */ = {isa = PBXFileReference; fileEncoding = 4; lastKnownFileType = sourcecode.swift; path = "UIApplication+Extensions.swift"; sourceTree = "<group>"; };
		2F8A4E6121F1CC4C00DF3FBE /* UIAlertController+Extensions.swift */ = {isa = PBXFileReference; fileEncoding = 4; lastKnownFileType = sourcecode.swift; path = "UIAlertController+Extensions.swift"; sourceTree = "<group>"; };
		2F8A4E6221F1CC4C00DF3FBE /* Optional+Extensions.swift */ = {isa = PBXFileReference; fileEncoding = 4; lastKnownFileType = sourcecode.swift; path = "Optional+Extensions.swift"; sourceTree = "<group>"; };
		2F8A4E6321F1CC4C00DF3FBE /* Common+Extensions.swift */ = {isa = PBXFileReference; fileEncoding = 4; lastKnownFileType = sourcecode.swift; path = "Common+Extensions.swift"; sourceTree = "<group>"; };
		2F8A4E6421F1CC4C00DF3FBE /* Locale+Extensions.swift */ = {isa = PBXFileReference; fileEncoding = 4; lastKnownFileType = sourcecode.swift; path = "Locale+Extensions.swift"; sourceTree = "<group>"; };
		2F8A4E6521F1CC4C00DF3FBE /* UITextField+Extensions.swift */ = {isa = PBXFileReference; fileEncoding = 4; lastKnownFileType = sourcecode.swift; path = "UITextField+Extensions.swift"; sourceTree = "<group>"; };
		2F8A4E6821F1CC4C00DF3FBE /* AttributedTextBlock.swift */ = {isa = PBXFileReference; fileEncoding = 4; lastKnownFileType = sourcecode.swift; path = AttributedTextBlock.swift; sourceTree = "<group>"; };
		2F8A4E6921F1CC4C00DF3FBE /* TextViewController.swift */ = {isa = PBXFileReference; fileEncoding = 4; lastKnownFileType = sourcecode.swift; path = TextViewController.swift; sourceTree = "<group>"; };
		2F8A4E6C21F1CC4C00DF3FBE /* Countries.bundle */ = {isa = PBXFileReference; lastKnownFileType = "wrapper.plug-in"; path = Countries.bundle; sourceTree = "<group>"; };
		2F8A4E6E21F1CC4C00DF3FBE /* LocaleStore.swift */ = {isa = PBXFileReference; fileEncoding = 4; lastKnownFileType = sourcecode.swift; path = LocaleStore.swift; sourceTree = "<group>"; };
		2F8A4E7021F1CC4C00DF3FBE /* LocaleInfo.swift */ = {isa = PBXFileReference; fileEncoding = 4; lastKnownFileType = sourcecode.swift; path = LocaleInfo.swift; sourceTree = "<group>"; };
		2F8A4E7121F1CC4C00DF3FBE /* LocalePickerViewController.swift */ = {isa = PBXFileReference; fileEncoding = 4; lastKnownFileType = sourcecode.swift; path = LocalePickerViewController.swift; sourceTree = "<group>"; };
		2F8A4E7321F1CC4C00DF3FBE /* PhoneCodeCell.swift */ = {isa = PBXFileReference; fileEncoding = 4; lastKnownFileType = sourcecode.swift; path = PhoneCodeCell.swift; sourceTree = "<group>"; };
		2F8A4E7421F1CC4C00DF3FBE /* CurrencyCell.swift */ = {isa = PBXFileReference; fileEncoding = 4; lastKnownFileType = sourcecode.swift; path = CurrencyCell.swift; sourceTree = "<group>"; };
		2F8A4E7521F1CC4C00DF3FBE /* CountryCell.swift */ = {isa = PBXFileReference; fileEncoding = 4; lastKnownFileType = sourcecode.swift; path = CountryCell.swift; sourceTree = "<group>"; };
		2F8A4E7721F1CC4C00DF3FBE /* TwoTextFieldsViewController.swift */ = {isa = PBXFileReference; fileEncoding = 4; lastKnownFileType = sourcecode.swift; path = TwoTextFieldsViewController.swift; sourceTree = "<group>"; };
		2F8A4E7821F1CC4C00DF3FBE /* OneTextFieldViewController.swift */ = {isa = PBXFileReference; fileEncoding = 4; lastKnownFileType = sourcecode.swift; path = OneTextFieldViewController.swift; sourceTree = "<group>"; };
		2F8A4E7B21F1CC4C00DF3FBE /* Assets.swift */ = {isa = PBXFileReference; fileEncoding = 4; lastKnownFileType = sourcecode.swift; path = Assets.swift; sourceTree = "<group>"; };
		2F8A4E7C21F1CC4C00DF3FBE /* PhotoLibraryPickerViewController.swift */ = {isa = PBXFileReference; fileEncoding = 4; lastKnownFileType = sourcecode.swift; path = PhotoLibraryPickerViewController.swift; sourceTree = "<group>"; };
		2F8A4E7E21F1CC4C00DF3FBE /* LocationSearchResultsViewController.swift */ = {isa = PBXFileReference; fileEncoding = 4; lastKnownFileType = sourcecode.swift; path = LocationSearchResultsViewController.swift; sourceTree = "<group>"; };
		2F8A4E7F21F1CC4C00DF3FBE /* LocationPickerViewController.swift */ = {isa = PBXFileReference; fileEncoding = 4; lastKnownFileType = sourcecode.swift; path = LocationPickerViewController.swift; sourceTree = "<group>"; };
		2F8A4E8121F1CC4C00DF3FBE /* SearchHistoryManager.swift */ = {isa = PBXFileReference; fileEncoding = 4; lastKnownFileType = sourcecode.swift; path = SearchHistoryManager.swift; sourceTree = "<group>"; };
		2F8A4E8321F1CC4C00DF3FBE /* Location.swift */ = {isa = PBXFileReference; fileEncoding = 4; lastKnownFileType = sourcecode.swift; path = Location.swift; sourceTree = "<group>"; };
		2F8A4E8421F1CC4C00DF3FBE /* Address.swift */ = {isa = PBXFileReference; fileEncoding = 4; lastKnownFileType = sourcecode.swift; path = Address.swift; sourceTree = "<group>"; };
		2F8A4E8621F1CC4C00DF3FBE /* PickerViewViewController.swift */ = {isa = PBXFileReference; fileEncoding = 4; lastKnownFileType = sourcecode.swift; path = PickerViewViewController.swift; sourceTree = "<group>"; };
		2F8A4E8821F1CC4C00DF3FBE /* ContactsPickerViewController.swift */ = {isa = PBXFileReference; fileEncoding = 4; lastKnownFileType = sourcecode.swift; path = ContactsPickerViewController.swift; sourceTree = "<group>"; };
		2F8A4E8A21F1CC4C00DF3FBE /* Contacts.swift */ = {isa = PBXFileReference; fileEncoding = 4; lastKnownFileType = sourcecode.swift; path = Contacts.swift; sourceTree = "<group>"; };
		2F8A4E8C21F1CC4C00DF3FBE /* Contact.swift */ = {isa = PBXFileReference; fileEncoding = 4; lastKnownFileType = sourcecode.swift; path = Contact.swift; sourceTree = "<group>"; };
		2F8A4E8E21F1CC4C00DF3FBE /* ContactCell.swift */ = {isa = PBXFileReference; fileEncoding = 4; lastKnownFileType = sourcecode.swift; path = ContactCell.swift; sourceTree = "<group>"; };
		2F8A4E9021F1CC4C00DF3FBE /* ColorPickerViewController.swift */ = {isa = PBXFileReference; fileEncoding = 4; lastKnownFileType = sourcecode.swift; path = ColorPickerViewController.swift; sourceTree = "<group>"; };
		2F8A4E9221F1CC4C00DF3FBE /* DatePickerViewController.swift */ = {isa = PBXFileReference; fileEncoding = 4; lastKnownFileType = sourcecode.swift; path = DatePickerViewController.swift; sourceTree = "<group>"; };
		2F8A4E9421F1CC4C00DF3FBE /* ImagePickerViewController.swift */ = {isa = PBXFileReference; fileEncoding = 4; lastKnownFileType = sourcecode.swift; path = ImagePickerViewController.swift; sourceTree = "<group>"; };
		2F8A4E9621F1CC4C00DF3FBE /* ItemWithImage.swift */ = {isa = PBXFileReference; fileEncoding = 4; lastKnownFileType = sourcecode.swift; path = ItemWithImage.swift; sourceTree = "<group>"; };
		2F8A4E9921F1CC4C00DF3FBE /* PhotoLayout.swift */ = {isa = PBXFileReference; fileEncoding = 4; lastKnownFileType = sourcecode.swift; path = PhotoLayout.swift; sourceTree = "<group>"; };
		2F8A4E9A21F1CC4C00DF3FBE /* TelegramPickerViewController.swift */ = {isa = PBXFileReference; fileEncoding = 4; lastKnownFileType = sourcecode.swift; path = TelegramPickerViewController.swift; sourceTree = "<group>"; };
		2F8A4E9C21F1CC4C00DF3FBE /* ItemWithPhoto.swift */ = {isa = PBXFileReference; fileEncoding = 4; lastKnownFileType = sourcecode.swift; path = ItemWithPhoto.swift; sourceTree = "<group>"; };
		2F8A4E9D21F1CC4C00DF3FBE /* LikeButtonCell.swift */ = {isa = PBXFileReference; fileEncoding = 4; lastKnownFileType = sourcecode.swift; path = LikeButtonCell.swift; sourceTree = "<group>"; };
		2F8A4E9F21F1CC4C00DF3FBE /* Label.swift */ = {isa = PBXFileReference; fileEncoding = 4; lastKnownFileType = sourcecode.swift; path = Label.swift; sourceTree = "<group>"; };
		2F8A4EA021F1CC4C00DF3FBE /* SegmentedControl.swift */ = {isa = PBXFileReference; fileEncoding = 4; lastKnownFileType = sourcecode.swift; path = SegmentedControl.swift; sourceTree = "<group>"; };
		2F8A4EA121F1CC4C00DF3FBE /* GradientSlider.swift */ = {isa = PBXFileReference; fileEncoding = 4; lastKnownFileType = sourcecode.swift; path = GradientSlider.swift; sourceTree = "<group>"; };
		2F8A4EA221F1CC4C00DF3FBE /* TextField.swift */ = {isa = PBXFileReference; fileEncoding = 4; lastKnownFileType = sourcecode.swift; path = TextField.swift; sourceTree = "<group>"; };
		2F8A4EA321F1CC4C00DF3FBE /* Button.swift */ = {isa = PBXFileReference; fileEncoding = 4; lastKnownFileType = sourcecode.swift; path = Button.swift; sourceTree = "<group>"; };
		2FB21B49215790C700D2814F /* ActivityCell.swift */ = {isa = PBXFileReference; lastKnownFileType = sourcecode.swift; path = ActivityCell.swift; sourceTree = "<group>"; };
		2FB7F44421F71AE5000AF25A /* VKCheckbox.swift */ = {isa = PBXFileReference; fileEncoding = 4; lastKnownFileType = sourcecode.swift; path = VKCheckbox.swift; sourceTree = "<group>"; };
		2FC6552E21E8F6BD003F3E43 /* EventDetailViewController.swift */ = {isa = PBXFileReference; lastKnownFileType = sourcecode.swift; path = EventDetailViewController.swift; sourceTree = "<group>"; };
		2FCA35F22155402100816691 /* ActivityViewController.swift */ = {isa = PBXFileReference; fileEncoding = 4; lastKnownFileType = sourcecode.swift; path = ActivityViewController.swift; sourceTree = "<group>"; };
		2FCA35F32155402100816691 /* BlogViewController.swift */ = {isa = PBXFileReference; fileEncoding = 4; lastKnownFileType = sourcecode.swift; path = BlogViewController.swift; sourceTree = "<group>"; };
		2FCA35F62155402100816691 /* MeViewController.swift */ = {isa = PBXFileReference; fileEncoding = 4; lastKnownFileType = sourcecode.swift; path = MeViewController.swift; sourceTree = "<group>"; };
		2FCA360F2155633900816691 /* NewsCell.swift */ = {isa = PBXFileReference; lastKnownFileType = sourcecode.swift; path = NewsCell.swift; sourceTree = "<group>"; };
		2FCA3613215572E300816691 /* News.swift */ = {isa = PBXFileReference; fileEncoding = 4; lastKnownFileType = sourcecode.swift; path = News.swift; sourceTree = "<group>"; };
		2FCA3615215572EB00816691 /* Blog.swift */ = {isa = PBXFileReference; fileEncoding = 4; lastKnownFileType = sourcecode.swift; path = Blog.swift; sourceTree = "<group>"; };
		2FCA3616215572EB00816691 /* User.swift */ = {isa = PBXFileReference; fileEncoding = 4; lastKnownFileType = sourcecode.swift; path = User.swift; sourceTree = "<group>"; };
		5EAD9DB662EC826B9606B184 /* Pods-Club Share.release.xcconfig */ = {isa = PBXFileReference; includeInIndex = 1; lastKnownFileType = text.xcconfig; name = "Pods-Club Share.release.xcconfig"; path = "Pods/Target Support Files/Pods-Club Share/Pods-Club Share.release.xcconfig"; sourceTree = "<group>"; };
		8B2E2264885BB2A89426E18C /* Pods-Club Share.debug.xcconfig */ = {isa = PBXFileReference; includeInIndex = 1; lastKnownFileType = text.xcconfig; name = "Pods-Club Share.debug.xcconfig"; path = "Pods/Target Support Files/Pods-Club Share/Pods-Club Share.debug.xcconfig"; sourceTree = "<group>"; };
		D1D32E9CF6C188D69087BD75 /* Pods-Student Club.release.xcconfig */ = {isa = PBXFileReference; includeInIndex = 1; lastKnownFileType = text.xcconfig; name = "Pods-Student Club.release.xcconfig"; path = "Pods/Target Support Files/Pods-Student Club/Pods-Student Club.release.xcconfig"; sourceTree = "<group>"; };
		DA49EAD8E4B18F75CCC6076B /* Pods_Student_Club.framework */ = {isa = PBXFileReference; explicitFileType = wrapper.framework; includeInIndex = 0; path = Pods_Student_Club.framework; sourceTree = BUILT_PRODUCTS_DIR; };
		FA8461758B497893D9D9DE37 /* Pods_Club_Share.framework */ = {isa = PBXFileReference; explicitFileType = wrapper.framework; includeInIndex = 0; path = Pods_Club_Share.framework; sourceTree = BUILT_PRODUCTS_DIR; };
/* End PBXFileReference section */

/* Begin PBXFrameworksBuildPhase section */
		1EA4B75E215828B800DD5941 /* Frameworks */ = {
			isa = PBXFrameworksBuildPhase;
			buildActionMask = 2147483647;
			files = (
				32E69BC4764C75F88EFEC33D /* Pods_Club_Share.framework in Frameworks */,
			);
			runOnlyForDeploymentPostprocessing = 0;
		};
		2F74A519215538EC00341862 /* Frameworks */ = {
			isa = PBXFrameworksBuildPhase;
			buildActionMask = 2147483647;
			files = (
				1A7621A9D5B4543A9EBE8930 /* Pods_Student_Club.framework in Frameworks */,
			);
			runOnlyForDeploymentPostprocessing = 0;
		};
/* End PBXFrameworksBuildPhase section */

/* Begin PBXGroup section */
		1EA4B762215828B800DD5941 /* Club Share */ = {
			isa = PBXGroup;
			children = (
				2F45EB262158336A00C5B9D3 /* Club Share.entitlements */,
				1EA4B763215828B800DD5941 /* ShareViewController.swift */,
				1EA4B765215828B800DD5941 /* MainInterface.storyboard */,
				1EA4B768215828B800DD5941 /* Info.plist */,
			);
			path = "Club Share";
			sourceTree = "<group>";
		};
		2F6918D421D0C6F500D361C6 /* Activity */ = {
			isa = PBXGroup;
			children = (
				2FCA35F22155402100816691 /* ActivityViewController.swift */,
				2F124CC021CAE61B00314461 /* NewEventViewController.swift */,
				2FC6552E21E8F6BD003F3E43 /* EventDetailViewController.swift */,
				2F6918D221CFDC6D00D361C6 /* EventTableViewController.swift */,
				2F64AEC421F58E5500762F84 /* LocationViewController.swift */,
			);
			path = Activity;
			sourceTree = "<group>";
		};
		2F6918D521D0C70800D361C6 /* Blog */ = {
			isa = PBXGroup;
			children = (
				2FCA35F32155402100816691 /* BlogViewController.swift */,
			);
			path = Blog;
			sourceTree = "<group>";
		};
		2F6918D621D0C71A00D361C6 /* Me */ = {
			isa = PBXGroup;
			children = (
				2FCA35F62155402100816691 /* MeViewController.swift */,
				1E62BC9D2156841F00263B8D /* UniversityListViewController.swift */,
				1E62BC9F2156938500263B8D /* UniversityDetailViewController.swift */,
			);
			path = Me;
			sourceTree = "<group>";
		};
		2F6918D721D0C73A00D361C6 /* News */ = {
			isa = PBXGroup;
			children = (
				2F3B947B21ECDA580076C1D6 /* NewsViewController.swift */,
				2F3B947D21ECDA580076C1D6 /* EmbedPostInfoTableViewController.swift */,
				2F3B947C21ECDA580076C1D6 /* NewsDetailViewController.swift */,
				2F3B947E21ECDA580076C1D6 /* PostViewController.swift */,
			);
			name = News;
			sourceTree = "<group>";
		};
		2F74A513215538EC00341862 = {
			isa = PBXGroup;
			children = (
				2F45EB29215835DC00C5B9D3 /* config.swift */,
				2F74A51E215538EC00341862 /* iOS Club */,
				1EA4B762215828B800DD5941 /* Club Share */,
				2F74A51D215538EC00341862 /* Products */,
				4BB8EDD238E97EEE57FE3E6F /* Pods */,
				A0F3387D68D1292BD5BABDCB /* Frameworks */,
			);
			sourceTree = "<group>";
		};
		2F74A51D215538EC00341862 /* Products */ = {
			isa = PBXGroup;
			children = (
				2F74A51C215538EC00341862 /* Student Club.app */,
				1EA4B761215828B800DD5941 /* Club Share.appex */,
			);
			name = Products;
			sourceTree = "<group>";
		};
		2F74A51E215538EC00341862 /* iOS Club */ = {
			isa = PBXGroup;
			children = (
				2F8A4E5221F1CC4C00DF3FBE /* ThirdParty */,
				2F45EB252158322200C5B9D3 /* iOS Club.entitlements */,
				2FCA360E2155631700816691 /* View */,
				2FCA35FC2155406200816691 /* Model */,
				2FCA35F121553FB700816691 /* ViewController */,
				2F74A523215538EC00341862 /* Main.storyboard */,
				2F74A526215538EE00341862 /* Assets.xcassets */,
				2F74A51F215538EC00341862 /* AppDelegate.swift */,
				2F74A528215538EE00341862 /* LaunchScreen.storyboard */,
				2F74A52B215538EE00341862 /* Info.plist */,
			);
			path = "iOS Club";
			sourceTree = "<group>";
		};
		2F8A4E5221F1CC4C00DF3FBE /* ThirdParty */ = {
			isa = PBXGroup;
			children = (
				2FB7F44321F71AE5000AF25A /* VKCheckbox */,
				2F8A4E5321F1CC4C00DF3FBE /* alerts-and-pickers */,
			);
			path = ThirdParty;
			sourceTree = "<group>";
		};
		2F8A4E5321F1CC4C00DF3FBE /* alerts-and-pickers */ = {
			isa = PBXGroup;
			children = (
				2F8A4E5421F1CC4C00DF3FBE /* Extensions */,
				2F8A4E6621F1CC4C00DF3FBE /* Viewers */,
				2F8A4E6A21F1CC4C00DF3FBE /* Pickers */,
				2F8A4E9E21F1CC4C00DF3FBE /* Views */,
			);
			path = "alerts-and-pickers";
			sourceTree = "<group>";
		};
		2F8A4E5421F1CC4C00DF3FBE /* Extensions */ = {
			isa = PBXGroup;
			children = (
				2F8A4E5521F1CC4C00DF3FBE /* Array+Extensions.swift */,
				2F8A4E5621F1CC4C00DF3FBE /* UISegmentedControl+Extensions.swift */,
				2F8A4E5721F1CC4C00DF3FBE /* UIImageView+Extensions.swift */,
				2F8A4E5821F1CC4C00DF3FBE /* UIViewController+Extensions.swift */,
				2F8A4E5921F1CC4C00DF3FBE /* UIView+Extensions.swift */,
				2F8A4E5A21F1CC4C00DF3FBE /* Date+Extension.swift */,
				2F8A4E5B21F1CC4C00DF3FBE /* String+Extensions.swift */,
				2F8A4E5C21F1CC4C00DF3FBE /* UITextView+Extensions.swift */,
				2F8A4E5D21F1CC4C00DF3FBE /* UIColor+Extensions.swift */,
				2F8A4E5E21F1CC4C00DF3FBE /* UIImage+Extensions.swift */,
				2F8A4E5F21F1CC4C00DF3FBE /* UISearchBar+Extensions.swift */,
				2F8A4E6021F1CC4C00DF3FBE /* UIApplication+Extensions.swift */,
				2F8A4E6121F1CC4C00DF3FBE /* UIAlertController+Extensions.swift */,
				2F8A4E6221F1CC4C00DF3FBE /* Optional+Extensions.swift */,
				2F8A4E6321F1CC4C00DF3FBE /* Common+Extensions.swift */,
				2F8A4E6421F1CC4C00DF3FBE /* Locale+Extensions.swift */,
				2F8A4E6521F1CC4C00DF3FBE /* UITextField+Extensions.swift */,
			);
			path = Extensions;
			sourceTree = "<group>";
		};
		2F8A4E6621F1CC4C00DF3FBE /* Viewers */ = {
			isa = PBXGroup;
			children = (
				2F8A4E6721F1CC4C00DF3FBE /* Models */,
				2F8A4E6921F1CC4C00DF3FBE /* TextViewController.swift */,
			);
			path = Viewers;
			sourceTree = "<group>";
		};
		2F8A4E6721F1CC4C00DF3FBE /* Models */ = {
			isa = PBXGroup;
			children = (
				2F8A4E6821F1CC4C00DF3FBE /* AttributedTextBlock.swift */,
			);
			path = Models;
			sourceTree = "<group>";
		};
		2F8A4E6A21F1CC4C00DF3FBE /* Pickers */ = {
			isa = PBXGroup;
			children = (
				2F8A4E6B21F1CC4C00DF3FBE /* Locale */,
				2F8A4E7621F1CC4C00DF3FBE /* TextFields */,
				2F8A4E7921F1CC4C00DF3FBE /* PhotoLibrary */,
				2F8A4E7D21F1CC4C00DF3FBE /* Location */,
				2F8A4E8521F1CC4C00DF3FBE /* PickerView */,
				2F8A4E8721F1CC4C00DF3FBE /* Contacts */,
				2F8A4E8F21F1CC4C00DF3FBE /* Color */,
				2F8A4E9121F1CC4C00DF3FBE /* Date */,
				2F8A4E9321F1CC4C00DF3FBE /* Image */,
				2F8A4E9721F1CC4C00DF3FBE /* Telegram */,
			);
			path = Pickers;
			sourceTree = "<group>";
		};
		2F8A4E6B21F1CC4C00DF3FBE /* Locale */ = {
			isa = PBXGroup;
			children = (
				2F8A4E6C21F1CC4C00DF3FBE /* Countries.bundle */,
				2F8A4E6D21F1CC4C00DF3FBE /* Managers */,
				2F8A4E6F21F1CC4C00DF3FBE /* Models */,
				2F8A4E7121F1CC4C00DF3FBE /* LocalePickerViewController.swift */,
				2F8A4E7221F1CC4C00DF3FBE /* Views */,
			);
			path = Locale;
			sourceTree = "<group>";
		};
		2F8A4E6D21F1CC4C00DF3FBE /* Managers */ = {
			isa = PBXGroup;
			children = (
				2F8A4E6E21F1CC4C00DF3FBE /* LocaleStore.swift */,
			);
			path = Managers;
			sourceTree = "<group>";
		};
		2F8A4E6F21F1CC4C00DF3FBE /* Models */ = {
			isa = PBXGroup;
			children = (
				2F8A4E7021F1CC4C00DF3FBE /* LocaleInfo.swift */,
			);
			path = Models;
			sourceTree = "<group>";
		};
		2F8A4E7221F1CC4C00DF3FBE /* Views */ = {
			isa = PBXGroup;
			children = (
				2F8A4E7321F1CC4C00DF3FBE /* PhoneCodeCell.swift */,
				2F8A4E7421F1CC4C00DF3FBE /* CurrencyCell.swift */,
				2F8A4E7521F1CC4C00DF3FBE /* CountryCell.swift */,
			);
			path = Views;
			sourceTree = "<group>";
		};
		2F8A4E7621F1CC4C00DF3FBE /* TextFields */ = {
			isa = PBXGroup;
			children = (
				2F8A4E7721F1CC4C00DF3FBE /* TwoTextFieldsViewController.swift */,
				2F8A4E7821F1CC4C00DF3FBE /* OneTextFieldViewController.swift */,
			);
			path = TextFields;
			sourceTree = "<group>";
		};
		2F8A4E7921F1CC4C00DF3FBE /* PhotoLibrary */ = {
			isa = PBXGroup;
			children = (
				2F8A4E7A21F1CC4C00DF3FBE /* Managers */,
				2F8A4E7C21F1CC4C00DF3FBE /* PhotoLibraryPickerViewController.swift */,
			);
			path = PhotoLibrary;
			sourceTree = "<group>";
		};
		2F8A4E7A21F1CC4C00DF3FBE /* Managers */ = {
			isa = PBXGroup;
			children = (
				2F8A4E7B21F1CC4C00DF3FBE /* Assets.swift */,
			);
			path = Managers;
			sourceTree = "<group>";
		};
		2F8A4E7D21F1CC4C00DF3FBE /* Location */ = {
			isa = PBXGroup;
			children = (
				2F8A4E7E21F1CC4C00DF3FBE /* LocationSearchResultsViewController.swift */,
				2F8A4E7F21F1CC4C00DF3FBE /* LocationPickerViewController.swift */,
				2F8A4E8021F1CC4C00DF3FBE /* Managers */,
				2F8A4E8221F1CC4C00DF3FBE /* Models */,
			);
			path = Location;
			sourceTree = "<group>";
		};
		2F8A4E8021F1CC4C00DF3FBE /* Managers */ = {
			isa = PBXGroup;
			children = (
				2F8A4E8121F1CC4C00DF3FBE /* SearchHistoryManager.swift */,
			);
			path = Managers;
			sourceTree = "<group>";
		};
		2F8A4E8221F1CC4C00DF3FBE /* Models */ = {
			isa = PBXGroup;
			children = (
				2F8A4E8321F1CC4C00DF3FBE /* Location.swift */,
				2F8A4E8421F1CC4C00DF3FBE /* Address.swift */,
			);
			path = Models;
			sourceTree = "<group>";
		};
		2F8A4E8521F1CC4C00DF3FBE /* PickerView */ = {
			isa = PBXGroup;
			children = (
				2F8A4E8621F1CC4C00DF3FBE /* PickerViewViewController.swift */,
			);
			path = PickerView;
			sourceTree = "<group>";
		};
		2F8A4E8721F1CC4C00DF3FBE /* Contacts */ = {
			isa = PBXGroup;
			children = (
				2F8A4E8821F1CC4C00DF3FBE /* ContactsPickerViewController.swift */,
				2F8A4E8921F1CC4C00DF3FBE /* Managers */,
				2F8A4E8B21F1CC4C00DF3FBE /* Models */,
				2F8A4E8D21F1CC4C00DF3FBE /* Views */,
			);
			path = Contacts;
			sourceTree = "<group>";
		};
		2F8A4E8921F1CC4C00DF3FBE /* Managers */ = {
			isa = PBXGroup;
			children = (
				2F8A4E8A21F1CC4C00DF3FBE /* Contacts.swift */,
			);
			path = Managers;
			sourceTree = "<group>";
		};
		2F8A4E8B21F1CC4C00DF3FBE /* Models */ = {
			isa = PBXGroup;
			children = (
				2F8A4E8C21F1CC4C00DF3FBE /* Contact.swift */,
			);
			path = Models;
			sourceTree = "<group>";
		};
		2F8A4E8D21F1CC4C00DF3FBE /* Views */ = {
			isa = PBXGroup;
			children = (
				2F8A4E8E21F1CC4C00DF3FBE /* ContactCell.swift */,
			);
			path = Views;
			sourceTree = "<group>";
		};
		2F8A4E8F21F1CC4C00DF3FBE /* Color */ = {
			isa = PBXGroup;
			children = (
				2F8A4E9021F1CC4C00DF3FBE /* ColorPickerViewController.swift */,
			);
			path = Color;
			sourceTree = "<group>";
		};
		2F8A4E9121F1CC4C00DF3FBE /* Date */ = {
			isa = PBXGroup;
			children = (
				2F8A4E9221F1CC4C00DF3FBE /* DatePickerViewController.swift */,
			);
			path = Date;
			sourceTree = "<group>";
		};
		2F8A4E9321F1CC4C00DF3FBE /* Image */ = {
			isa = PBXGroup;
			children = (
				2F8A4E9421F1CC4C00DF3FBE /* ImagePickerViewController.swift */,
				2F8A4E9521F1CC4C00DF3FBE /* Views */,
			);
			path = Image;
			sourceTree = "<group>";
		};
		2F8A4E9521F1CC4C00DF3FBE /* Views */ = {
			isa = PBXGroup;
			children = (
				2F8A4E9621F1CC4C00DF3FBE /* ItemWithImage.swift */,
			);
			path = Views;
			sourceTree = "<group>";
		};
		2F8A4E9721F1CC4C00DF3FBE /* Telegram */ = {
			isa = PBXGroup;
			children = (
				2F8A4E9821F1CC4C00DF3FBE /* Layouts */,
				2F8A4E9A21F1CC4C00DF3FBE /* TelegramPickerViewController.swift */,
				2F8A4E9B21F1CC4C00DF3FBE /* Views */,
			);
			path = Telegram;
			sourceTree = "<group>";
		};
		2F8A4E9821F1CC4C00DF3FBE /* Layouts */ = {
			isa = PBXGroup;
			children = (
				2F8A4E9921F1CC4C00DF3FBE /* PhotoLayout.swift */,
			);
			path = Layouts;
			sourceTree = "<group>";
		};
		2F8A4E9B21F1CC4C00DF3FBE /* Views */ = {
			isa = PBXGroup;
			children = (
				2F8A4E9C21F1CC4C00DF3FBE /* ItemWithPhoto.swift */,
				2F8A4E9D21F1CC4C00DF3FBE /* LikeButtonCell.swift */,
			);
			path = Views;
			sourceTree = "<group>";
		};
		2F8A4E9E21F1CC4C00DF3FBE /* Views */ = {
			isa = PBXGroup;
			children = (
				2F8A4E9F21F1CC4C00DF3FBE /* Label.swift */,
				2F8A4EA021F1CC4C00DF3FBE /* SegmentedControl.swift */,
				2F8A4EA121F1CC4C00DF3FBE /* GradientSlider.swift */,
				2F8A4EA221F1CC4C00DF3FBE /* TextField.swift */,
				2F8A4EA321F1CC4C00DF3FBE /* Button.swift */,
			);
			path = Views;
			sourceTree = "<group>";
		};
		2FB7F44321F71AE5000AF25A /* VKCheckbox */ = {
			isa = PBXGroup;
			children = (
				2FB7F44421F71AE5000AF25A /* VKCheckbox.swift */,
			);
			path = VKCheckbox;
			sourceTree = "<group>";
		};
		2FCA35F121553FB700816691 /* ViewController */ = {
			isa = PBXGroup;
			children = (
				2F3B947921ECD9D50076C1D6 /* SignupViewController.swift */,
				2F67E33F2157326A0076B1DA /* LoginViewController.swift */,
				2F6918D621D0C71A00D361C6 /* Me */,
				2F6918D421D0C6F500D361C6 /* Activity */,
				2F6918D521D0C70800D361C6 /* Blog */,
				2F6918D721D0C73A00D361C6 /* News */,
			);
			path = ViewController;
			sourceTree = "<group>";
		};
		2FCA35FC2155406200816691 /* Model */ = {
			isa = PBXGroup;
			children = (
				2FCA3615215572EB00816691 /* Blog.swift */,
				2FCA3616215572EB00816691 /* User.swift */,
				2F45EB2E215840AD00C5B9D3 /* University.swift */,
				2FCA3613215572E300816691 /* News.swift */,
				2F0E668B21D54E20005E21F8 /* Event.swift */,
			);
			path = Model;
			sourceTree = "<group>";
		};
		2FCA360E2155631700816691 /* View */ = {
			isa = PBXGroup;
			children = (
				2FCA360F2155633900816691 /* NewsCell.swift */,
				2FB21B49215790C700D2814F /* ActivityCell.swift */,
				2F3E453E2157FD5A00710141 /* SelectedCell.swift */,
				2F45EB2C21583E6F00C5B9D3 /* BlogCell.swift */,
			);
			path = View;
			sourceTree = "<group>";
		};
		4BB8EDD238E97EEE57FE3E6F /* Pods */ = {
			isa = PBXGroup;
			children = (
				8B2E2264885BB2A89426E18C /* Pods-Club Share.debug.xcconfig */,
				5EAD9DB662EC826B9606B184 /* Pods-Club Share.release.xcconfig */,
				02E6B28EE76ADD6AC332919A /* Pods-Student Club.debug.xcconfig */,
				D1D32E9CF6C188D69087BD75 /* Pods-Student Club.release.xcconfig */,
			);
			name = Pods;
			sourceTree = "<group>";
		};
		A0F3387D68D1292BD5BABDCB /* Frameworks */ = {
			isa = PBXGroup;
			children = (
				FA8461758B497893D9D9DE37 /* Pods_Club_Share.framework */,
				DA49EAD8E4B18F75CCC6076B /* Pods_Student_Club.framework */,
			);
			name = Frameworks;
			sourceTree = "<group>";
		};
/* End PBXGroup section */

/* Begin PBXNativeTarget section */
		1EA4B760215828B800DD5941 /* Club Share */ = {
			isa = PBXNativeTarget;
			buildConfigurationList = 1EA4B76C215828B800DD5941 /* Build configuration list for PBXNativeTarget "Club Share" */;
			buildPhases = (
				14474F9148F5D543F222FAD0 /* [CP] Check Pods Manifest.lock */,
				1EA4B75D215828B800DD5941 /* Sources */,
				1EA4B75E215828B800DD5941 /* Frameworks */,
				1EA4B75F215828B800DD5941 /* Resources */,
			);
			buildRules = (
			);
			dependencies = (
			);
			name = "Club Share";
			productName = "Club Share";
			productReference = 1EA4B761215828B800DD5941 /* Club Share.appex */;
			productType = "com.apple.product-type.app-extension";
		};
		2F74A51B215538EC00341862 /* Student Club */ = {
			isa = PBXNativeTarget;
			buildConfigurationList = 2F74A52E215538EE00341862 /* Build configuration list for PBXNativeTarget "Student Club" */;
			buildPhases = (
				41C377913AA1A4228FCB5FB8 /* [CP] Check Pods Manifest.lock */,
				2F74A518215538EC00341862 /* Sources */,
				2F74A519215538EC00341862 /* Frameworks */,
				2F74A51A215538EC00341862 /* Resources */,
				1EA4B75C2158264400DD5941 /* Embed App Extensions */,
				B01F891F1FA5A57F32D77B67 /* [CP] Embed Pods Frameworks */,
			);
			buildRules = (
			);
			dependencies = (
				1EA4B76A215828B800DD5941 /* PBXTargetDependency */,
			);
			name = "Student Club";
			productName = "iOS Club";
			productReference = 2F74A51C215538EC00341862 /* Student Club.app */;
			productType = "com.apple.product-type.application";
		};
/* End PBXNativeTarget section */

/* Begin PBXProject section */
		2F74A514215538EC00341862 /* Project object */ = {
			isa = PBXProject;
			attributes = {
				LastSwiftUpdateCheck = 1000;
				LastUpgradeCheck = 1000;
				ORGANIZATIONNAME = "Yang LI";
				TargetAttributes = {
					1EA4B760215828B800DD5941 = {
						CreatedOnToolsVersion = 10.0;
						SystemCapabilities = {
							com.apple.ApplicationGroups.iOS = {
								enabled = 1;
							};
							com.apple.Push = {
								enabled = 0;
							};
						};
					};
					2F74A51B215538EC00341862 = {
						CreatedOnToolsVersion = 10.0;
						LastSwiftMigration = 1000;
						SystemCapabilities = {
							com.apple.ApplicationGroups.iOS = {
								enabled = 1;
							};
							com.apple.Push = {
								enabled = 1;
							};
						};
					};
				};
			};
			buildConfigurationList = 2F74A517215538EC00341862 /* Build configuration list for PBXProject "Student Club" */;
			compatibilityVersion = "Xcode 9.3";
			developmentRegion = en;
			hasScannedForEncodings = 0;
			knownRegions = (
				en,
				Base,
			);
			mainGroup = 2F74A513215538EC00341862;
			productRefGroup = 2F74A51D215538EC00341862 /* Products */;
			projectDirPath = "";
			projectRoot = "";
			targets = (
				2F74A51B215538EC00341862 /* Student Club */,
				1EA4B760215828B800DD5941 /* Club Share */,
			);
		};
/* End PBXProject section */

/* Begin PBXResourcesBuildPhase section */
		1EA4B75F215828B800DD5941 /* Resources */ = {
			isa = PBXResourcesBuildPhase;
			buildActionMask = 2147483647;
			files = (
				1EA4B767215828B800DD5941 /* MainInterface.storyboard in Resources */,
			);
			runOnlyForDeploymentPostprocessing = 0;
		};
		2F74A51A215538EC00341862 /* Resources */ = {
			isa = PBXResourcesBuildPhase;
			buildActionMask = 2147483647;
			files = (
				2F8A4EB721F1CC4C00DF3FBE /* Countries.bundle in Resources */,
				2F74A52A215538EE00341862 /* LaunchScreen.storyboard in Resources */,
				2F74A527215538EE00341862 /* Assets.xcassets in Resources */,
				2F74A525215538EC00341862 /* Main.storyboard in Resources */,
			);
			runOnlyForDeploymentPostprocessing = 0;
		};
/* End PBXResourcesBuildPhase section */

/* Begin PBXShellScriptBuildPhase section */
		14474F9148F5D543F222FAD0 /* [CP] Check Pods Manifest.lock */ = {
			isa = PBXShellScriptBuildPhase;
			buildActionMask = 2147483647;
			files = (
			);
			inputPaths = (
				"${PODS_PODFILE_DIR_PATH}/Podfile.lock",
				"${PODS_ROOT}/Manifest.lock",
			);
			name = "[CP] Check Pods Manifest.lock";
			outputPaths = (
				"$(DERIVED_FILE_DIR)/Pods-Club Share-checkManifestLockResult.txt",
			);
			runOnlyForDeploymentPostprocessing = 0;
			shellPath = /bin/sh;
			shellScript = "diff \"${PODS_PODFILE_DIR_PATH}/Podfile.lock\" \"${PODS_ROOT}/Manifest.lock\" > /dev/null\nif [ $? != 0 ] ; then\n    # print error to STDERR\n    echo \"error: The sandbox is not in sync with the Podfile.lock. Run 'pod install' or update your CocoaPods installation.\" >&2\n    exit 1\nfi\n# This output is used by Xcode 'outputs' to avoid re-running this script phase.\necho \"SUCCESS\" > \"${SCRIPT_OUTPUT_FILE_0}\"\n";
			showEnvVarsInLog = 0;
		};
		41C377913AA1A4228FCB5FB8 /* [CP] Check Pods Manifest.lock */ = {
			isa = PBXShellScriptBuildPhase;
			buildActionMask = 2147483647;
			files = (
			);
			inputPaths = (
				"${PODS_PODFILE_DIR_PATH}/Podfile.lock",
				"${PODS_ROOT}/Manifest.lock",
			);
			name = "[CP] Check Pods Manifest.lock";
			outputPaths = (
				"$(DERIVED_FILE_DIR)/Pods-Student Club-checkManifestLockResult.txt",
			);
			runOnlyForDeploymentPostprocessing = 0;
			shellPath = /bin/sh;
			shellScript = "diff \"${PODS_PODFILE_DIR_PATH}/Podfile.lock\" \"${PODS_ROOT}/Manifest.lock\" > /dev/null\nif [ $? != 0 ] ; then\n    # print error to STDERR\n    echo \"error: The sandbox is not in sync with the Podfile.lock. Run 'pod install' or update your CocoaPods installation.\" >&2\n    exit 1\nfi\n# This output is used by Xcode 'outputs' to avoid re-running this script phase.\necho \"SUCCESS\" > \"${SCRIPT_OUTPUT_FILE_0}\"\n";
			showEnvVarsInLog = 0;
		};
		B01F891F1FA5A57F32D77B67 /* [CP] Embed Pods Frameworks */ = {
			isa = PBXShellScriptBuildPhase;
			buildActionMask = 2147483647;
			files = (
			);
			inputPaths = (
				"${PODS_ROOT}/Target Support Files/Pods-Student Club/Pods-Student Club-frameworks.sh",
				"${BUILT_PRODUCTS_DIR}/Alamofire-iOS11/Alamofire.framework",
				"${BUILT_PRODUCTS_DIR}/SwiftyJSON-iOS11/SwiftyJSON.framework",
				"${BUILT_PRODUCTS_DIR}/BMPlayer/BMPlayer.framework",
				"${BUILT_PRODUCTS_DIR}/Cache/Cache.framework",
				"${BUILT_PRODUCTS_DIR}/Gallery/Gallery.framework",
				"${BUILT_PRODUCTS_DIR}/Hue/Hue.framework",
				"${BUILT_PRODUCTS_DIR}/IQKeyboardManagerSwift/IQKeyboardManagerSwift.framework",
				"${BUILT_PRODUCTS_DIR}/Imaginary/Imaginary.framework",
				"${BUILT_PRODUCTS_DIR}/Kingfisher/Kingfisher.framework",
				"${BUILT_PRODUCTS_DIR}/LGButton/LGButton.framework",
				"${BUILT_PRODUCTS_DIR}/LLCycleScrollView/LLCycleScrollView.framework",
				"${BUILT_PRODUCTS_DIR}/Lightbox/Lightbox.framework",
				"${BUILT_PRODUCTS_DIR}/MarqueeLabel/MarqueeLabel.framework",
				"${BUILT_PRODUCTS_DIR}/NVActivityIndicatorView/NVActivityIndicatorView.framework",
				"${BUILT_PRODUCTS_DIR}/NotificationBannerSwift/NotificationBannerSwift.framework",
				"${BUILT_PRODUCTS_DIR}/PullToRefresher/PullToRefresh.framework",
				"${BUILT_PRODUCTS_DIR}/SKPhotoBrowser/SKPhotoBrowser.framework",
				"${BUILT_PRODUCTS_DIR}/SPPermission/SPPermission.framework",
				"${BUILT_PRODUCTS_DIR}/SVProgressHUD/SVProgressHUD.framework",
				"${BUILT_PRODUCTS_DIR}/SkeletonView/SkeletonView.framework",
				"${BUILT_PRODUCTS_DIR}/SnapKit/SnapKit.framework",
				"${BUILT_PRODUCTS_DIR}/SwiftLocation/SwiftLocation.framework",
				"${BUILT_PRODUCTS_DIR}/SwiftyBeaver/SwiftyBeaver.framework",
				"${BUILT_PRODUCTS_DIR}/TextFieldEffects/TextFieldEffects.framework",
				"${BUILT_PRODUCTS_DIR}/URLEmbeddedView/URLEmbeddedView.framework",
				"${BUILT_PRODUCTS_DIR}/VACalendar/VACalendar.framework",
				"${BUILT_PRODUCTS_DIR}/WSTagsField/WSTagsField.framework",
			);
			name = "[CP] Embed Pods Frameworks";
			outputPaths = (
				"${TARGET_BUILD_DIR}/${FRAMEWORKS_FOLDER_PATH}/Alamofire.framework",
				"${TARGET_BUILD_DIR}/${FRAMEWORKS_FOLDER_PATH}/SwiftyJSON.framework",
				"${TARGET_BUILD_DIR}/${FRAMEWORKS_FOLDER_PATH}/BMPlayer.framework",
				"${TARGET_BUILD_DIR}/${FRAMEWORKS_FOLDER_PATH}/Cache.framework",
				"${TARGET_BUILD_DIR}/${FRAMEWORKS_FOLDER_PATH}/Gallery.framework",
				"${TARGET_BUILD_DIR}/${FRAMEWORKS_FOLDER_PATH}/Hue.framework",
				"${TARGET_BUILD_DIR}/${FRAMEWORKS_FOLDER_PATH}/IQKeyboardManagerSwift.framework",
				"${TARGET_BUILD_DIR}/${FRAMEWORKS_FOLDER_PATH}/Imaginary.framework",
				"${TARGET_BUILD_DIR}/${FRAMEWORKS_FOLDER_PATH}/Kingfisher.framework",
				"${TARGET_BUILD_DIR}/${FRAMEWORKS_FOLDER_PATH}/LGButton.framework",
				"${TARGET_BUILD_DIR}/${FRAMEWORKS_FOLDER_PATH}/LLCycleScrollView.framework",
				"${TARGET_BUILD_DIR}/${FRAMEWORKS_FOLDER_PATH}/Lightbox.framework",
				"${TARGET_BUILD_DIR}/${FRAMEWORKS_FOLDER_PATH}/MarqueeLabel.framework",
				"${TARGET_BUILD_DIR}/${FRAMEWORKS_FOLDER_PATH}/NVActivityIndicatorView.framework",
				"${TARGET_BUILD_DIR}/${FRAMEWORKS_FOLDER_PATH}/NotificationBannerSwift.framework",
				"${TARGET_BUILD_DIR}/${FRAMEWORKS_FOLDER_PATH}/PullToRefresh.framework",
				"${TARGET_BUILD_DIR}/${FRAMEWORKS_FOLDER_PATH}/SKPhotoBrowser.framework",
				"${TARGET_BUILD_DIR}/${FRAMEWORKS_FOLDER_PATH}/SPPermission.framework",
				"${TARGET_BUILD_DIR}/${FRAMEWORKS_FOLDER_PATH}/SVProgressHUD.framework",
				"${TARGET_BUILD_DIR}/${FRAMEWORKS_FOLDER_PATH}/SkeletonView.framework",
				"${TARGET_BUILD_DIR}/${FRAMEWORKS_FOLDER_PATH}/SnapKit.framework",
				"${TARGET_BUILD_DIR}/${FRAMEWORKS_FOLDER_PATH}/SwiftLocation.framework",
				"${TARGET_BUILD_DIR}/${FRAMEWORKS_FOLDER_PATH}/SwiftyBeaver.framework",
				"${TARGET_BUILD_DIR}/${FRAMEWORKS_FOLDER_PATH}/TextFieldEffects.framework",
				"${TARGET_BUILD_DIR}/${FRAMEWORKS_FOLDER_PATH}/URLEmbeddedView.framework",
				"${TARGET_BUILD_DIR}/${FRAMEWORKS_FOLDER_PATH}/VACalendar.framework",
				"${TARGET_BUILD_DIR}/${FRAMEWORKS_FOLDER_PATH}/WSTagsField.framework",
			);
			runOnlyForDeploymentPostprocessing = 0;
			shellPath = /bin/sh;
			shellScript = "\"${PODS_ROOT}/Target Support Files/Pods-Student Club/Pods-Student Club-frameworks.sh\"\n";
			showEnvVarsInLog = 0;
		};
/* End PBXShellScriptBuildPhase section */

/* Begin PBXSourcesBuildPhase section */
		1EA4B75D215828B800DD5941 /* Sources */ = {
			isa = PBXSourcesBuildPhase;
			buildActionMask = 2147483647;
			files = (
				1EA4B764215828B800DD5941 /* ShareViewController.swift in Sources */,
				2F45EB2B2158373C00C5B9D3 /* config.swift in Sources */,
			);
			runOnlyForDeploymentPostprocessing = 0;
		};
		2F74A518215538EC00341862 /* Sources */ = {
			isa = PBXSourcesBuildPhase;
			buildActionMask = 2147483647;
			files = (
				2F8A4EA621F1CC4C00DF3FBE /* UIImageView+Extensions.swift in Sources */,
				2F8A4EAA21F1CC4C00DF3FBE /* String+Extensions.swift in Sources */,
				2F8A4EAF21F1CC4C00DF3FBE /* UIApplication+Extensions.swift in Sources */,
				2F8A4ED221F1CC4C00DF3FBE /* ItemWithPhoto.swift in Sources */,
				2FB7F44521F71AE5000AF25A /* VKCheckbox.swift in Sources */,
				2F3B948021ECDA580076C1D6 /* NewsDetailViewController.swift in Sources */,
				2F8A4EC221F1CC4C00DF3FBE /* LocationSearchResultsViewController.swift in Sources */,
				2F8A4EB221F1CC4C00DF3FBE /* Common+Extensions.swift in Sources */,
				2F8A4ED021F1CC4C00DF3FBE /* PhotoLayout.swift in Sources */,
				2F8A4ED621F1CC4C00DF3FBE /* GradientSlider.swift in Sources */,
				2F8A4EB621F1CC4C00DF3FBE /* TextViewController.swift in Sources */,
				2FCA35FB2155402100816691 /* MeViewController.swift in Sources */,
				2F8A4ED421F1CC4C00DF3FBE /* Label.swift in Sources */,
				2FC6552F21E8F6BD003F3E43 /* EventDetailViewController.swift in Sources */,
				2F8A4ECD21F1CC4C00DF3FBE /* DatePickerViewController.swift in Sources */,
				2F8A4EBD21F1CC4C00DF3FBE /* CountryCell.swift in Sources */,
				2F3B947F21ECDA580076C1D6 /* NewsViewController.swift in Sources */,
				2F8A4EBF21F1CC4C00DF3FBE /* OneTextFieldViewController.swift in Sources */,
				2F8A4ED321F1CC4C00DF3FBE /* LikeButtonCell.swift in Sources */,
				2F8A4EB021F1CC4C00DF3FBE /* UIAlertController+Extensions.swift in Sources */,
				2F8A4EBE21F1CC4C00DF3FBE /* TwoTextFieldsViewController.swift in Sources */,
				2F8A4EAE21F1CC4C00DF3FBE /* UISearchBar+Extensions.swift in Sources */,
				2F124CC121CAE61B00314461 /* NewEventViewController.swift in Sources */,
				2F8A4EB321F1CC4C00DF3FBE /* Locale+Extensions.swift in Sources */,
				2F8A4EB821F1CC4C00DF3FBE /* LocaleStore.swift in Sources */,
				2F8A4EC721F1CC4C00DF3FBE /* PickerViewViewController.swift in Sources */,
				2F74A520215538EC00341862 /* AppDelegate.swift in Sources */,
				2F8A4EC921F1CC4C00DF3FBE /* Contacts.swift in Sources */,
				1E62BC9E2156841F00263B8D /* UniversityListViewController.swift in Sources */,
				2FCA35F72155402100816691 /* ActivityViewController.swift in Sources */,
				2F3B948121ECDA580076C1D6 /* EmbedPostInfoTableViewController.swift in Sources */,
				2F8A4EB421F1CC4C00DF3FBE /* UITextField+Extensions.swift in Sources */,
				2F8A4EAC21F1CC4C00DF3FBE /* UIColor+Extensions.swift in Sources */,
				2F8A4ECC21F1CC4C00DF3FBE /* ColorPickerViewController.swift in Sources */,
				2F64AEC521F58E5500762F84 /* LocationViewController.swift in Sources */,
				2FCA35F82155402100816691 /* BlogViewController.swift in Sources */,
				2F8A4EB921F1CC4C00DF3FBE /* LocaleInfo.swift in Sources */,
				2F8A4EC021F1CC4C00DF3FBE /* Assets.swift in Sources */,
				2F8A4ED821F1CC4C00DF3FBE /* Button.swift in Sources */,
				2F45EB2D21583E6F00C5B9D3 /* BlogCell.swift in Sources */,
				2F8A4EAD21F1CC4C00DF3FBE /* UIImage+Extensions.swift in Sources */,
				2F8A4EC421F1CC4C00DF3FBE /* SearchHistoryManager.swift in Sources */,
				2FCA3614215572E300816691 /* News.swift in Sources */,
				2F45EB2F215840AD00C5B9D3 /* University.swift in Sources */,
				2F8A4EB121F1CC4C00DF3FBE /* Optional+Extensions.swift in Sources */,
				2FCA3618215572EC00816691 /* User.swift in Sources */,
				2FB21B4A215790C700D2814F /* ActivityCell.swift in Sources */,
				2F8A4ED721F1CC4C00DF3FBE /* TextField.swift in Sources */,
				2F8A4EBC21F1CC4C00DF3FBE /* CurrencyCell.swift in Sources */,
				2F3B948221ECDA580076C1D6 /* PostViewController.swift in Sources */,
				2F0E668C21D54E20005E21F8 /* Event.swift in Sources */,
				2F8A4EBA21F1CC4C00DF3FBE /* LocalePickerViewController.swift in Sources */,
				2F8A4EC821F1CC4C00DF3FBE /* ContactsPickerViewController.swift in Sources */,
				2F67E3402157326A0076B1DA /* LoginViewController.swift in Sources */,
				2F8A4EA421F1CC4C00DF3FBE /* Array+Extensions.swift in Sources */,
				2F8A4EA921F1CC4C00DF3FBE /* Date+Extension.swift in Sources */,
				2FCA3617215572EC00816691 /* Blog.swift in Sources */,
				2F8A4EA721F1CC4C00DF3FBE /* UIViewController+Extensions.swift in Sources */,
				2F8A4EAB21F1CC4C00DF3FBE /* UITextView+Extensions.swift in Sources */,
				2FCA36102155633900816691 /* NewsCell.swift in Sources */,
				2F6918D321CFDC6D00D361C6 /* EventTableViewController.swift in Sources */,
				2F3B947A21ECD9D50076C1D6 /* SignupViewController.swift in Sources */,
				2F8A4ECE21F1CC4C00DF3FBE /* ImagePickerViewController.swift in Sources */,
				2F8A4ECA21F1CC4C00DF3FBE /* Contact.swift in Sources */,
				2F8A4EBB21F1CC4C00DF3FBE /* PhoneCodeCell.swift in Sources */,
				2F8A4EC321F1CC4C00DF3FBE /* LocationPickerViewController.swift in Sources */,
				2F8A4ECB21F1CC4C00DF3FBE /* ContactCell.swift in Sources */,
				2F8A4EA521F1CC4C00DF3FBE /* UISegmentedControl+Extensions.swift in Sources */,
				2F45EB2A215835DD00C5B9D3 /* config.swift in Sources */,
				2F8A4EB521F1CC4C00DF3FBE /* AttributedTextBlock.swift in Sources */,
				2F8A4EC621F1CC4C00DF3FBE /* Address.swift in Sources */,
				2F8A4EA821F1CC4C00DF3FBE /* UIView+Extensions.swift in Sources */,
				2F8A4EC121F1CC4C00DF3FBE /* PhotoLibraryPickerViewController.swift in Sources */,
				2F8A4ECF21F1CC4C00DF3FBE /* ItemWithImage.swift in Sources */,
				2F3E453F2157FD5A00710141 /* SelectedCell.swift in Sources */,
				2F8A4ED121F1CC4C00DF3FBE /* TelegramPickerViewController.swift in Sources */,
				2F8A4EC521F1CC4C00DF3FBE /* Location.swift in Sources */,
				2F8A4ED521F1CC4C00DF3FBE /* SegmentedControl.swift in Sources */,
				1E62BCA02156938500263B8D /* UniversityDetailViewController.swift in Sources */,
			);
			runOnlyForDeploymentPostprocessing = 0;
		};
/* End PBXSourcesBuildPhase section */

/* Begin PBXTargetDependency section */
		1EA4B76A215828B800DD5941 /* PBXTargetDependency */ = {
			isa = PBXTargetDependency;
			target = 1EA4B760215828B800DD5941 /* Club Share */;
			targetProxy = 1EA4B769215828B800DD5941 /* PBXContainerItemProxy */;
		};
/* End PBXTargetDependency section */

/* Begin PBXVariantGroup section */
		1EA4B765215828B800DD5941 /* MainInterface.storyboard */ = {
			isa = PBXVariantGroup;
			children = (
				1EA4B766215828B800DD5941 /* Base */,
			);
			name = MainInterface.storyboard;
			sourceTree = "<group>";
		};
		2F74A523215538EC00341862 /* Main.storyboard */ = {
			isa = PBXVariantGroup;
			children = (
				2F74A524215538EC00341862 /* Base */,
			);
			name = Main.storyboard;
			sourceTree = "<group>";
		};
		2F74A528215538EE00341862 /* LaunchScreen.storyboard */ = {
			isa = PBXVariantGroup;
			children = (
				2F74A529215538EE00341862 /* Base */,
			);
			name = LaunchScreen.storyboard;
			sourceTree = "<group>";
		};
/* End PBXVariantGroup section */

/* Begin XCBuildConfiguration section */
		1EA4B76D215828B800DD5941 /* Debug */ = {
			isa = XCBuildConfiguration;
			baseConfigurationReference = 8B2E2264885BB2A89426E18C /* Pods-Club Share.debug.xcconfig */;
			buildSettings = {
				CODE_SIGN_ENTITLEMENTS = "Club Share/Club Share.entitlements";
				CODE_SIGN_STYLE = Automatic;
				CURRENT_PROJECT_VERSION = 2;
				DEVELOPMENT_TEAM = 2XYAGB2947;
				INFOPLIST_FILE = "Club Share/Info.plist";
				IPHONEOS_DEPLOYMENT_TARGET = 11.0;
				LD_RUNPATH_SEARCH_PATHS = (
					"$(inherited)",
					"@executable_path/Frameworks",
					"@executable_path/../../Frameworks",
				);
				MARKETING_VERSION = 0.10;
				PRODUCT_BUNDLE_IDENTIFIER = "com.tac.iosclub.Club-Share";
				PRODUCT_NAME = "$(TARGET_NAME)";
				SKIP_INSTALL = YES;
				SWIFT_VERSION = 4.2;
				TARGETED_DEVICE_FAMILY = "1,2";
			};
			name = Debug;
		};
		1EA4B76E215828B800DD5941 /* Release */ = {
			isa = XCBuildConfiguration;
			baseConfigurationReference = 5EAD9DB662EC826B9606B184 /* Pods-Club Share.release.xcconfig */;
			buildSettings = {
				CODE_SIGN_ENTITLEMENTS = "Club Share/Club Share.entitlements";
				CODE_SIGN_STYLE = Automatic;
				CURRENT_PROJECT_VERSION = 2;
				DEVELOPMENT_TEAM = 2XYAGB2947;
				INFOPLIST_FILE = "Club Share/Info.plist";
				IPHONEOS_DEPLOYMENT_TARGET = 11.0;
				LD_RUNPATH_SEARCH_PATHS = (
					"$(inherited)",
					"@executable_path/Frameworks",
					"@executable_path/../../Frameworks",
				);
				MARKETING_VERSION = 0.10;
				PRODUCT_BUNDLE_IDENTIFIER = "com.tac.iosclub.Club-Share";
				PRODUCT_NAME = "$(TARGET_NAME)";
				SKIP_INSTALL = YES;
				SWIFT_VERSION = 4.2;
				TARGETED_DEVICE_FAMILY = "1,2";
			};
			name = Release;
		};
		2F74A52C215538EE00341862 /* Debug */ = {
			isa = XCBuildConfiguration;
			buildSettings = {
				ALWAYS_SEARCH_USER_PATHS = NO;
				CLANG_ANALYZER_NONNULL = YES;
				CLANG_ANALYZER_NUMBER_OBJECT_CONVERSION = YES_AGGRESSIVE;
				CLANG_CXX_LANGUAGE_STANDARD = "gnu++14";
				CLANG_CXX_LIBRARY = "libc++";
				CLANG_ENABLE_MODULES = YES;
				CLANG_ENABLE_OBJC_ARC = YES;
				CLANG_ENABLE_OBJC_WEAK = YES;
				CLANG_WARN_BLOCK_CAPTURE_AUTORELEASING = YES;
				CLANG_WARN_BOOL_CONVERSION = YES;
				CLANG_WARN_COMMA = YES;
				CLANG_WARN_CONSTANT_CONVERSION = YES;
				CLANG_WARN_DEPRECATED_OBJC_IMPLEMENTATIONS = YES;
				CLANG_WARN_DIRECT_OBJC_ISA_USAGE = YES_ERROR;
				CLANG_WARN_DOCUMENTATION_COMMENTS = YES;
				CLANG_WARN_EMPTY_BODY = YES;
				CLANG_WARN_ENUM_CONVERSION = YES;
				CLANG_WARN_INFINITE_RECURSION = YES;
				CLANG_WARN_INT_CONVERSION = YES;
				CLANG_WARN_NON_LITERAL_NULL_CONVERSION = YES;
				CLANG_WARN_OBJC_IMPLICIT_RETAIN_SELF = YES;
				CLANG_WARN_OBJC_LITERAL_CONVERSION = YES;
				CLANG_WARN_OBJC_ROOT_CLASS = YES_ERROR;
				CLANG_WARN_RANGE_LOOP_ANALYSIS = YES;
				CLANG_WARN_STRICT_PROTOTYPES = YES;
				CLANG_WARN_SUSPICIOUS_MOVE = YES;
				CLANG_WARN_UNGUARDED_AVAILABILITY = YES_AGGRESSIVE;
				CLANG_WARN_UNREACHABLE_CODE = YES;
				CLANG_WARN__DUPLICATE_METHOD_MATCH = YES;
				CODE_SIGN_IDENTITY = "iPhone Developer";
				COPY_PHASE_STRIP = NO;
				DEBUG_INFORMATION_FORMAT = dwarf;
				ENABLE_STRICT_OBJC_MSGSEND = YES;
				ENABLE_TESTABILITY = YES;
				GCC_C_LANGUAGE_STANDARD = gnu11;
				GCC_DYNAMIC_NO_PIC = NO;
				GCC_NO_COMMON_BLOCKS = YES;
				GCC_OPTIMIZATION_LEVEL = 0;
				GCC_PREPROCESSOR_DEFINITIONS = (
					"DEBUG=1",
					"$(inherited)",
				);
				GCC_WARN_64_TO_32_BIT_CONVERSION = YES;
				GCC_WARN_ABOUT_RETURN_TYPE = YES_ERROR;
				GCC_WARN_UNDECLARED_SELECTOR = YES;
				GCC_WARN_UNINITIALIZED_AUTOS = YES_AGGRESSIVE;
				GCC_WARN_UNUSED_FUNCTION = YES;
				GCC_WARN_UNUSED_VARIABLE = YES;
				IPHONEOS_DEPLOYMENT_TARGET = 11.0;
				MTL_ENABLE_DEBUG_INFO = INCLUDE_SOURCE;
				MTL_FAST_MATH = YES;
				ONLY_ACTIVE_ARCH = YES;
				SDKROOT = iphoneos;
				SWIFT_ACTIVE_COMPILATION_CONDITIONS = DEBUG;
				SWIFT_OPTIMIZATION_LEVEL = "-Onone";
			};
			name = Debug;
		};
		2F74A52D215538EE00341862 /* Release */ = {
			isa = XCBuildConfiguration;
			buildSettings = {
				ALWAYS_SEARCH_USER_PATHS = NO;
				CLANG_ANALYZER_NONNULL = YES;
				CLANG_ANALYZER_NUMBER_OBJECT_CONVERSION = YES_AGGRESSIVE;
				CLANG_CXX_LANGUAGE_STANDARD = "gnu++14";
				CLANG_CXX_LIBRARY = "libc++";
				CLANG_ENABLE_MODULES = YES;
				CLANG_ENABLE_OBJC_ARC = YES;
				CLANG_ENABLE_OBJC_WEAK = YES;
				CLANG_WARN_BLOCK_CAPTURE_AUTORELEASING = YES;
				CLANG_WARN_BOOL_CONVERSION = YES;
				CLANG_WARN_COMMA = YES;
				CLANG_WARN_CONSTANT_CONVERSION = YES;
				CLANG_WARN_DEPRECATED_OBJC_IMPLEMENTATIONS = YES;
				CLANG_WARN_DIRECT_OBJC_ISA_USAGE = YES_ERROR;
				CLANG_WARN_DOCUMENTATION_COMMENTS = YES;
				CLANG_WARN_EMPTY_BODY = YES;
				CLANG_WARN_ENUM_CONVERSION = YES;
				CLANG_WARN_INFINITE_RECURSION = YES;
				CLANG_WARN_INT_CONVERSION = YES;
				CLANG_WARN_NON_LITERAL_NULL_CONVERSION = YES;
				CLANG_WARN_OBJC_IMPLICIT_RETAIN_SELF = YES;
				CLANG_WARN_OBJC_LITERAL_CONVERSION = YES;
				CLANG_WARN_OBJC_ROOT_CLASS = YES_ERROR;
				CLANG_WARN_RANGE_LOOP_ANALYSIS = YES;
				CLANG_WARN_STRICT_PROTOTYPES = YES;
				CLANG_WARN_SUSPICIOUS_MOVE = YES;
				CLANG_WARN_UNGUARDED_AVAILABILITY = YES_AGGRESSIVE;
				CLANG_WARN_UNREACHABLE_CODE = YES;
				CLANG_WARN__DUPLICATE_METHOD_MATCH = YES;
				CODE_SIGN_IDENTITY = "iPhone Developer";
				COPY_PHASE_STRIP = NO;
				DEBUG_INFORMATION_FORMAT = "dwarf-with-dsym";
				ENABLE_NS_ASSERTIONS = NO;
				ENABLE_STRICT_OBJC_MSGSEND = YES;
				GCC_C_LANGUAGE_STANDARD = gnu11;
				GCC_NO_COMMON_BLOCKS = YES;
				GCC_WARN_64_TO_32_BIT_CONVERSION = YES;
				GCC_WARN_ABOUT_RETURN_TYPE = YES_ERROR;
				GCC_WARN_UNDECLARED_SELECTOR = YES;
				GCC_WARN_UNINITIALIZED_AUTOS = YES_AGGRESSIVE;
				GCC_WARN_UNUSED_FUNCTION = YES;
				GCC_WARN_UNUSED_VARIABLE = YES;
				IPHONEOS_DEPLOYMENT_TARGET = 11.0;
				MTL_ENABLE_DEBUG_INFO = NO;
				MTL_FAST_MATH = YES;
				SDKROOT = iphoneos;
				SWIFT_COMPILATION_MODE = wholemodule;
				SWIFT_OPTIMIZATION_LEVEL = "-O";
				VALIDATE_PRODUCT = YES;
			};
			name = Release;
		};
		2F74A52F215538EE00341862 /* Debug */ = {
			isa = XCBuildConfiguration;
			baseConfigurationReference = 02E6B28EE76ADD6AC332919A /* Pods-Student Club.debug.xcconfig */;
			buildSettings = {
				ALWAYS_EMBED_SWIFT_STANDARD_LIBRARIES = YES;
				ASSETCATALOG_COMPILER_APPICON_NAME = AppIcon;
				CODE_SIGN_ENTITLEMENTS = "iOS Club/iOS Club.entitlements";
				CODE_SIGN_IDENTITY = "Apple Development";
				CODE_SIGN_STYLE = Automatic;
				CURRENT_PROJECT_VERSION = 2;
				DEVELOPMENT_TEAM = 2XYAGB2947;
				INFOPLIST_FILE = "iOS Club/Info.plist";
				IPHONEOS_DEPLOYMENT_TARGET = 11;
				LD_RUNPATH_SEARCH_PATHS = (
					"$(inherited)",
					"@executable_path/Frameworks",
				);
				MARKETING_VERSION = 0.10;
				PRODUCT_BUNDLE_IDENTIFIER = com.tac.iosclub;
				PRODUCT_NAME = "$(TARGET_NAME)";
				PROVISIONING_PROFILE_SPECIFIER = "";
				SWIFT_VERSION = 4.2;
				TARGETED_DEVICE_FAMILY = 1;
			};
			name = Debug;
		};
		2F74A530215538EE00341862 /* Release */ = {
			isa = XCBuildConfiguration;
			baseConfigurationReference = D1D32E9CF6C188D69087BD75 /* Pods-Student Club.release.xcconfig */;
			buildSettings = {
				ALWAYS_EMBED_SWIFT_STANDARD_LIBRARIES = YES;
				ASSETCATALOG_COMPILER_APPICON_NAME = AppIcon;
				CODE_SIGN_ENTITLEMENTS = "iOS Club/iOS Club.entitlements";
				CODE_SIGN_IDENTITY = "iPhone Developer";
				CODE_SIGN_STYLE = Automatic;
				CURRENT_PROJECT_VERSION = 2;
				DEVELOPMENT_TEAM = 2XYAGB2947;
				INFOPLIST_FILE = "iOS Club/Info.plist";
				IPHONEOS_DEPLOYMENT_TARGET = 11;
				LD_RUNPATH_SEARCH_PATHS = (
					"$(inherited)",
					"@executable_path/Frameworks",
				);
				MARKETING_VERSION = 0.10;
				PRODUCT_BUNDLE_IDENTIFIER = com.tac.iosclub;
				PRODUCT_NAME = "$(TARGET_NAME)";
				PROVISIONING_PROFILE_SPECIFIER = "";
				SWIFT_VERSION = 4.2;
				TARGETED_DEVICE_FAMILY = 1;
			};
			name = Release;
		};
/* End XCBuildConfiguration section */

/* Begin XCConfigurationList section */
		1EA4B76C215828B800DD5941 /* Build configuration list for PBXNativeTarget "Club Share" */ = {
			isa = XCConfigurationList;
			buildConfigurations = (
				1EA4B76D215828B800DD5941 /* Debug */,
				1EA4B76E215828B800DD5941 /* Release */,
			);
			defaultConfigurationIsVisible = 0;
			defaultConfigurationName = Release;
		};
		2F74A517215538EC00341862 /* Build configuration list for PBXProject "Student Club" */ = {
			isa = XCConfigurationList;
			buildConfigurations = (
				2F74A52C215538EE00341862 /* Debug */,
				2F74A52D215538EE00341862 /* Release */,
			);
			defaultConfigurationIsVisible = 0;
			defaultConfigurationName = Release;
		};
		2F74A52E215538EE00341862 /* Build configuration list for PBXNativeTarget "Student Club" */ = {
			isa = XCConfigurationList;
			buildConfigurations = (
				2F74A52F215538EE00341862 /* Debug */,
				2F74A530215538EE00341862 /* Release */,
			);
			defaultConfigurationIsVisible = 0;
			defaultConfigurationName = Release;
		};
/* End XCConfigurationList section */
	};
	rootObject = 2F74A514215538EC00341862 /* Project object */;
}
